<?xml version="1.0" encoding="utf-8"?>
<Project ToolsVersion="4.0" xmlns="http://schemas.microsoft.com/developer/msbuild/2003">
  <ItemGroup>
    <Filter Include="Resource Files">
      <UniqueIdentifier>{67DA6AB6-F800-4c08-8B7A-83BB121AAD01}</UniqueIdentifier>
      <Extensions>rc;ico;cur;bmp;dlg;rc2;rct;bin;rgs;gif;jpg;jpeg;jpe;resx;tiff;tif;png;wav;mfcribbon-ms</Extensions>
    </Filter>
    <Filter Include="Include">
      <UniqueIdentifier>{8ccf6b1a-e442-4189-be6e-24639e11a783}</UniqueIdentifier>
    </Filter>
    <Filter Include="Source">
      <UniqueIdentifier>{a9c92e22-41dd-46bf-8485-1e569c88f7f5}</UniqueIdentifier>
    </Filter>
    <Filter Include="Include\AppWin32">
      <UniqueIdentifier>{5ff74097-8ef4-4d5e-8191-a8458b7f11b4}</UniqueIdentifier>
    </Filter>
    <Filter Include="Source\AppWin32">
      <UniqueIdentifier>{bab6b5ef-e900-4909-b899-9f513236b5c5}</UniqueIdentifier>
    </Filter>
    <Filter Include="Include\MemoryAlloc">
      <UniqueIdentifier>{d8b49213-b008-46f1-9b40-88719c7a61df}</UniqueIdentifier>
    </Filter>
    <Filter Include="Source\MemoryAlloc">
      <UniqueIdentifier>{22587f4b-33e0-4a83-9e94-a22a1e9ce78b}</UniqueIdentifier>
    </Filter>
    <Filter Include="Include\Render">
      <UniqueIdentifier>{54017f09-aeed-4a4a-ad14-907391c60c77}</UniqueIdentifier>
    </Filter>
    <Filter Include="Source\Render">
      <UniqueIdentifier>{4382e095-8013-42f2-81c7-fae8b5b8dc13}</UniqueIdentifier>
    </Filter>
    <Filter Include="Include\Scene">
      <UniqueIdentifier>{5e24019f-70c8-4f64-86ae-4c298906ce25}</UniqueIdentifier>
    </Filter>
    <Filter Include="Source\Scene">
      <UniqueIdentifier>{d9c1fb23-5510-471d-a686-12fbf3d45868}</UniqueIdentifier>
    </Filter>
    <Filter Include="Include\Asset">
      <UniqueIdentifier>{ddac4013-6e80-4447-b372-e89cd1b07aa0}</UniqueIdentifier>
    </Filter>
    <Filter Include="Source\Asset">
      <UniqueIdentifier>{9fe9127d-ca01-4164-ab7d-fe7874226503}</UniqueIdentifier>
    </Filter>
  </ItemGroup>
  <ItemGroup>
    <ClInclude Include="Include\HrExport.h">
      <Filter>Include</Filter>
    </ClInclude>
    <ClInclude Include="Include\IApplication.h">
      <Filter>Include</Filter>
    </ClInclude>
    <ClInclude Include="Include\AppWin32\HrApplication_Win32.h">
      <Filter>Include\AppWin32</Filter>
    </ClInclude>
    <ClInclude Include="Include\HrCorePreDeclare.h">
      <Filter>Include</Filter>
    </ClInclude>
    <ClInclude Include="Include\MemoryAlloc\HrMemoryAllocatedObject.h">
      <Filter>Include\MemoryAlloc</Filter>
    </ClInclude>
    <ClInclude Include="Include\MemoryAlloc\HrMemoryAllocatorConfig.h">
      <Filter>Include\MemoryAlloc</Filter>
    </ClInclude>
    <ClInclude Include="Include\MemoryAlloc\HrMemoryNedAlloc.h">
      <Filter>Include\MemoryAlloc</Filter>
    </ClInclude>
    <ClInclude Include="Include\MemoryAlloc\HrMemoryNedPooling.h">
      <Filter>Include\MemoryAlloc</Filter>
    </ClInclude>
    <ClInclude Include="Include\MemoryAlloc\HrMemoryTracker.h">
      <Filter>Include\MemoryAlloc</Filter>
    </ClInclude>
    <ClInclude Include="Include\HrCorePrerequisite.h">
      <Filter>Include</Filter>
    </ClInclude>
    <ClInclude Include="Include\HrDirector.h">
      <Filter>Include</Filter>
    </ClInclude>
    <ClInclude Include="Include\IDirector.h">
      <Filter>Include</Filter>
    </ClInclude>
    <ClInclude Include="Include\HrLog.h">
      <Filter>Include</Filter>
    </ClInclude>
    <ClInclude Include="Include\ILog.h">
      <Filter>Include</Filter>
    </ClInclude>
    <ClInclude Include="Include\AppWin32\HrWin32WindowEventUtilities.h">
      <Filter>Include\AppWin32</Filter>
    </ClInclude>
    <ClInclude Include="Include\Render\IRender.h">
      <Filter>Include\Render</Filter>
    </ClInclude>
    <ClInclude Include="Include\Render\HrCamera.h">
      <Filter>Include\Render</Filter>
    </ClInclude>
    <ClInclude Include="Include\Render\HrFrustum.h">
      <Filter>Include\Render</Filter>
    </ClInclude>
    <ClInclude Include="Include\Render\IGraphicsBuffer.h">
      <Filter>Include\Render</Filter>
    </ClInclude>
    <ClInclude Include="Include\Render\IRenderable.h">
      <Filter>Include\Render</Filter>
    </ClInclude>
    <ClInclude Include="Include\Render\IRenderFactory.h">
      <Filter>Include\Render</Filter>
    </ClInclude>
    <ClInclude Include="Include\Render\HrRenderPass.h">
      <Filter>Include\Render</Filter>
    </ClInclude>
    <ClInclude Include="Include\Render\HrRenderTechnique.h">
      <Filter>Include\Render</Filter>
    </ClInclude>
    <ClInclude Include="Include\Render\IShader.h">
      <Filter>Include\Render</Filter>
    </ClInclude>
    <ClInclude Include="Include\Scene\ISceneManager.h">
      <Filter>Include\Scene</Filter>
    </ClInclude>
    <ClInclude Include="Include\Scene\HrSceneManager.h">
      <Filter>Include\Scene</Filter>
    </ClInclude>
    <ClInclude Include="Include\Scene\HrSceneNode.h">
      <Filter>Include\Scene</Filter>
    </ClInclude>
    <ClInclude Include="Include\Render\HrHardwareBuffer.h">
      <Filter>Include\Render</Filter>
    </ClInclude>
    <ClInclude Include="Include\Asset\HrGeometryFactory.h">
      <Filter>Include\Asset</Filter>
    </ClInclude>
    <ClInclude Include="Include\Render\HrRenderQueue.h">
      <Filter>Include\Render</Filter>
    </ClInclude>
    <ClInclude Include="Include\Scene\IScene.h">
      <Filter>Include\Scene</Filter>
    </ClInclude>
    <ClInclude Include="Include\Scene\HrScene.h">
      <Filter>Include\Scene</Filter>
    </ClInclude>
    <ClInclude Include="Include\Asset\HrGeometryBox.h">
      <Filter>Include\Asset</Filter>
    </ClInclude>
    <ClInclude Include="Include\Render\HrRenderLayout.h">
      <Filter>Include\Render</Filter>
    </ClInclude>
    <ClInclude Include="Include\Render\HrRenderable.h">
      <Filter>Include\Render</Filter>
    </ClInclude>
    <ClInclude Include="Include\Render\IRenderLayout.h">
      <Filter>Include\Render</Filter>
    </ClInclude>
    <ClInclude Include="Include\Render\IRenderTechnique.h">
      <Filter>Include\Render</Filter>
    </ClInclude>
    <ClInclude Include="Include\Asset\HrGeometryTriangle.h">
      <Filter>Include\Asset</Filter>
    </ClInclude>
    <ClInclude Include="Include\Asset\IResource.h">
      <Filter>Include\Asset</Filter>
    </ClInclude>
    <ClInclude Include="Include\Asset\IResourceLoader.h">
      <Filter>Include\Asset</Filter>
    </ClInclude>
    <ClInclude Include="Include\Asset\HrResourceLoader.h">
      <Filter>Include\Asset</Filter>
    </ClInclude>
    <ClInclude Include="Include\Asset\IResourceManager.h">
      <Filter>Include\Asset</Filter>
    </ClInclude>
    <ClInclude Include="Include\Asset\HrRenderEffectManager.h">
      <Filter>Include\Asset</Filter>
    </ClInclude>
    <ClInclude Include="Include\Asset\HrStreamData.h">
      <Filter>Include\Asset</Filter>
    </ClInclude>
    <ClInclude Include="Include\Asset\HrResourceManager.h">
      <Filter>Include\Asset</Filter>
    </ClInclude>
    <ClInclude Include="Include\Asset\HrRenderEffect.h">
      <Filter>Include\Asset</Filter>
    </ClInclude>
    <ClInclude Include="Include\Asset\HrResourceManagerFactory.h">
      <Filter>Include\Asset</Filter>
    </ClInclude>
    <ClInclude Include="Include\Render\HrShader.h">
      <Filter>Include\Render</Filter>
    </ClInclude>
    <ClInclude Include="Include\Asset\HrShaderCompiler.h">
      <Filter>Include\Asset</Filter>
    </ClInclude>
    <ClInclude Include="Include\Asset\IShaderCompiler.h">
      <Filter>Include\Asset</Filter>
    </ClInclude>
    <ClInclude Include="Include\Asset\HrColor.h">
      <Filter>Include\Asset</Filter>
    </ClInclude>
    <ClInclude Include="Include\Render\HrVertex.h">
      <Filter>Include\Render</Filter>
    </ClInclude>
    <ClInclude Include="Include\Render\HrRenderConstantBuffer.h">
      <Filter>Include\Render</Filter>
    </ClInclude>
    <ClInclude Include="Include\Render\HrRenderParameter.h">
      <Filter>Include\Render</Filter>
    </ClInclude>
    <ClInclude Include="Include\Render\HrRenderFrameParameters.h">
      <Filter>Include\Render</Filter>
    </ClInclude>
    <ClInclude Include="Include\Render\HrDataFormat.h">
      <Filter>Include\Render</Filter>
    </ClInclude>
    <ClInclude Include="Include\Render\IRenderTarget.h">
      <Filter>Include\Render</Filter>
    </ClInclude>
    <ClInclude Include="Include\Render\HrRenderTarget.h">
      <Filter>Include\Render</Filter>
    </ClInclude>
    <ClInclude Include="Include\Render\HrViewPort.h">
      <Filter>Include\Render</Filter>
    </ClInclude>
  </ItemGroup>
  <ItemGroup>
    <ClCompile Include="Source\HrExport.cpp">
      <Filter>Source</Filter>
    </ClCompile>
    <ClCompile Include="Source\AppWin32\HrApplication_Win32.cpp">
      <Filter>Source\AppWin32</Filter>
    </ClCompile>
    <ClCompile Include="Source\MemoryAlloc\HrMemoryAllocatedObject.cpp">
      <Filter>Source\MemoryAlloc</Filter>
    </ClCompile>
    <ClCompile Include="Source\MemoryAlloc\HrMemoryNedAlloc.cpp">
      <Filter>Source\MemoryAlloc</Filter>
    </ClCompile>
    <ClCompile Include="Source\MemoryAlloc\HrMemoryNedPooling.cpp">
      <Filter>Source\MemoryAlloc</Filter>
    </ClCompile>
    <ClCompile Include="Source\MemoryAlloc\HrMemoryTracker.cpp">
      <Filter>Source\MemoryAlloc</Filter>
    </ClCompile>
    <ClCompile Include="Source\HrDirector.cpp">
      <Filter>Source</Filter>
    </ClCompile>
    <ClCompile Include="Source\HrLog.cpp">
      <Filter>Source</Filter>
    </ClCompile>
    <ClCompile Include="Source\AppWin32\HrWin32WindowEventUtilities.cpp">
      <Filter>Source\AppWin32</Filter>
    </ClCompile>
    <ClCompile Include="Source\Render\HrCamera.cpp">
      <Filter>Source\Render</Filter>
    </ClCompile>
    <ClCompile Include="Source\Render\HrFrustom.cpp">
      <Filter>Source\Render</Filter>
    </ClCompile>
    <ClCompile Include="Source\Render\IRenderLayout.cpp">
      <Filter>Source\Render</Filter>
    </ClCompile>
    <ClCompile Include="Source\Render\IRenderable.cpp">
      <Filter>Source\Render</Filter>
    </ClCompile>
    <ClCompile Include="Source\Render\HrRenderTechnique.cpp">
      <Filter>Source\Render</Filter>
    </ClCompile>
    <ClCompile Include="Source\Render\HrRenderPass.cpp">
      <Filter>Source\Render</Filter>
    </ClCompile>
    <ClCompile Include="Source\Scene\HrSceneManager.cpp">
      <Filter>Source\Scene</Filter>
    </ClCompile>
    <ClCompile Include="Source\Scene\HrSceneNode.cpp">
      <Filter>Source\Scene</Filter>
    </ClCompile>
    <ClCompile Include="Source\Render\HrHardwareBuffer.cpp">
      <Filter>Source\Render</Filter>
    </ClCompile>
    <ClCompile Include="Source\Asset\HrGeometryFactory.cpp">
      <Filter>Source\Asset</Filter>
    </ClCompile>
    <ClCompile Include="Source\Scene\HrScene.cpp">
      <Filter>Source\Scene</Filter>
    </ClCompile>
    <ClCompile Include="Source\Asset\HrGeometryBox.cpp">
      <Filter>Source\Asset</Filter>
    </ClCompile>
    <ClCompile Include="Source\Render\HrRenderLayout.cpp">
      <Filter>Source\Render</Filter>
    </ClCompile>
    <ClCompile Include="Source\Render\HrRenderable.cpp">
      <Filter>Source\Render</Filter>
    </ClCompile>
    <ClCompile Include="Source\Render\HrRenderQueue.cpp">
      <Filter>Source\Render</Filter>
    </ClCompile>
    <ClCompile Include="Include\Asset\HrGeometryTriangle.cpp">
      <Filter>Source\Asset</Filter>
    </ClCompile>
    <ClCompile Include="Source\Asset\HrResourceManager.cpp">
      <Filter>Source\Asset</Filter>
    </ClCompile>
    <ClCompile Include="Source\Asset\HrRenderEffectManager.cpp">
      <Filter>Source\Asset</Filter>
    </ClCompile>
    <ClCompile Include="Source\Asset\HrResourceLoader.cpp">
      <Filter>Source\Asset</Filter>
    </ClCompile>
    <ClCompile Include="Source\Asset\HrStreamData.cpp">
      <Filter>Source\Asset</Filter>
    </ClCompile>
    <ClCompile Include="Source\Asset\HrRenderEffect.cpp">
      <Filter>Source\Asset</Filter>
    </ClCompile>
    <ClCompile Include="Source\Asset\HrResourceManagerFactory.cpp">
      <Filter>Source\Asset</Filter>
    </ClCompile>
    <ClCompile Include="Source\Render\HrShader.cpp">
      <Filter>Source\Render</Filter>
    </ClCompile>
    <ClCompile Include="Source\Asset\HrShaderCompiler.cpp">
      <Filter>Source\Asset</Filter>
    </ClCompile>
    <ClCompile Include="Source\Asset\HrColor.cpp">
      <Filter>Source\Asset</Filter>
    </ClCompile>
    <ClCompile Include="Source\Render\HrVertex.cpp">
      <Filter>Source\Render</Filter>
    </ClCompile>
    <ClCompile Include="Source\Render\HrRenderConstantBuffer.cpp">
      <Filter>Source\Render</Filter>
    </ClCompile>
    <ClCompile Include="Source\Render\HrRenderParameter.cpp">
      <Filter>Source\Render</Filter>
    </ClCompile>
    <ClCompile Include="Source\Render\HrRenderFrameParameters.cpp">
      <Filter>Source\Render</Filter>
    </ClCompile>
    <ClCompile Include="Source\Render\HrRenderTarget.cpp">
      <Filter>Source\Render</Filter>
    </ClCompile>
    <ClCompile Include="Source\Render\HrViewPort.cpp">
      <Filter>Source\Render</Filter>
    </ClCompile>
  </ItemGroup>
</Project>