<?xml version="1.0" encoding="utf-8"?>
<Project ToolsVersion="4.0" xmlns="http://schemas.microsoft.com/developer/msbuild/2003">
  <ItemGroup>
    <Filter Include="Resource Files">
      <UniqueIdentifier>{67DA6AB6-F800-4c08-8B7A-83BB121AAD01}</UniqueIdentifier>
      <Extensions>rc;ico;cur;bmp;dlg;rc2;rct;bin;rgs;gif;jpg;jpeg;jpe;resx;tiff;tif;png;wav;mfcribbon-ms</Extensions>
    </Filter>
    <Filter Include="Include">
      <UniqueIdentifier>{8ccf6b1a-e442-4189-be6e-24639e11a783}</UniqueIdentifier>
    </Filter>
    <Filter Include="Source">
      <UniqueIdentifier>{a9c92e22-41dd-46bf-8485-1e569c88f7f5}</UniqueIdentifier>
    </Filter>
    <Filter Include="Include\MemoryAlloc">
      <UniqueIdentifier>{d8b49213-b008-46f1-9b40-88719c7a61df}</UniqueIdentifier>
    </Filter>
    <Filter Include="Source\MemoryAlloc">
      <UniqueIdentifier>{22587f4b-33e0-4a83-9e94-a22a1e9ce78b}</UniqueIdentifier>
    </Filter>
    <Filter Include="Include\Render">
      <UniqueIdentifier>{54017f09-aeed-4a4a-ad14-907391c60c77}</UniqueIdentifier>
    </Filter>
    <Filter Include="Source\Render">
      <UniqueIdentifier>{4382e095-8013-42f2-81c7-fae8b5b8dc13}</UniqueIdentifier>
    </Filter>
    <Filter Include="Include\Scene">
      <UniqueIdentifier>{5e24019f-70c8-4f64-86ae-4c298906ce25}</UniqueIdentifier>
    </Filter>
    <Filter Include="Source\Scene">
      <UniqueIdentifier>{d9c1fb23-5510-471d-a686-12fbf3d45868}</UniqueIdentifier>
    </Filter>
    <Filter Include="Include\Asset">
      <UniqueIdentifier>{ddac4013-6e80-4447-b372-e89cd1b07aa0}</UniqueIdentifier>
    </Filter>
    <Filter Include="Source\Asset">
      <UniqueIdentifier>{9fe9127d-ca01-4164-ab7d-fe7874226503}</UniqueIdentifier>
    </Filter>
    <Filter Include="Include\Platform">
      <UniqueIdentifier>{e6cb38f8-6fd1-42b6-a86b-43392eff2436}</UniqueIdentifier>
    </Filter>
    <Filter Include="Source\Platform">
      <UniqueIdentifier>{797d551c-36ef-4ea4-b3df-2469f5d41e1e}</UniqueIdentifier>
    </Filter>
    <Filter Include="Include\Config">
      <UniqueIdentifier>{f58ee87a-f881-4788-a17a-7aaccb497729}</UniqueIdentifier>
    </Filter>
    <Filter Include="Source\Config">
      <UniqueIdentifier>{407d9a6a-a11f-46aa-829f-94f7a3a387b6}</UniqueIdentifier>
    </Filter>
    <Filter Include="Include\Event">
      <UniqueIdentifier>{a6e92993-5a6b-4ac5-8d76-1d5ae7792aef}</UniqueIdentifier>
    </Filter>
    <Filter Include="Source\Event">
      <UniqueIdentifier>{3968093c-6757-40d2-a7a1-ddc6a46914e3}</UniqueIdentifier>
    </Filter>
    <Filter Include="Include\Kernel">
      <UniqueIdentifier>{c1668f14-cb2d-4b3b-b0c3-504d70349bbe}</UniqueIdentifier>
    </Filter>
    <Filter Include="Source\Kernel">
      <UniqueIdentifier>{c86b751b-641f-4c19-a0d4-0eb021ad4999}</UniqueIdentifier>
    </Filter>
    <Filter Include="Include\Asset\Loader">
      <UniqueIdentifier>{e3b15fa4-ff98-4551-a4f2-bcbbccfc575c}</UniqueIdentifier>
    </Filter>
    <Filter Include="Source\Asset\Loader">
      <UniqueIdentifier>{62c45853-a533-4c0f-b0f5-59425a6b8cf9}</UniqueIdentifier>
    </Filter>
    <Filter Include="Effects">
      <UniqueIdentifier>{b6270a9c-91e1-4339-8719-3711011a75ea}</UniqueIdentifier>
    </Filter>
    <Filter Include="Include\Platform\AppWin">
      <UniqueIdentifier>{5ff74097-8ef4-4d5e-8191-a8458b7f11b4}</UniqueIdentifier>
    </Filter>
    <Filter Include="Source\Platform\AppWin">
      <UniqueIdentifier>{bab6b5ef-e900-4909-b899-9f513236b5c5}</UniqueIdentifier>
    </Filter>
  </ItemGroup>
  <ItemGroup>
    <ClInclude Include="Include\MemoryAlloc\HrMemoryAllocatedObject.h">
      <Filter>Include\MemoryAlloc</Filter>
    </ClInclude>
    <ClInclude Include="Include\MemoryAlloc\HrMemoryAllocatorConfig.h">
      <Filter>Include\MemoryAlloc</Filter>
    </ClInclude>
    <ClInclude Include="Include\MemoryAlloc\HrMemoryNedAlloc.h">
      <Filter>Include\MemoryAlloc</Filter>
    </ClInclude>
    <ClInclude Include="Include\MemoryAlloc\HrMemoryNedPooling.h">
      <Filter>Include\MemoryAlloc</Filter>
    </ClInclude>
    <ClInclude Include="Include\MemoryAlloc\HrMemoryTracker.h">
      <Filter>Include\MemoryAlloc</Filter>
    </ClInclude>
    <ClInclude Include="Include\Render\HrCamera.h">
      <Filter>Include\Render</Filter>
    </ClInclude>
    <ClInclude Include="Include\Render\HrFrustum.h">
      <Filter>Include\Render</Filter>
    </ClInclude>
    <ClInclude Include="Include\Render\HrRenderPass.h">
      <Filter>Include\Render</Filter>
    </ClInclude>
    <ClInclude Include="Include\Render\HrRenderTechnique.h">
      <Filter>Include\Render</Filter>
    </ClInclude>
    <ClInclude Include="Include\Scene\HrSceneManager.h">
      <Filter>Include\Scene</Filter>
    </ClInclude>
    <ClInclude Include="Include\Scene\HrSceneNode.h">
      <Filter>Include\Scene</Filter>
    </ClInclude>
    <ClInclude Include="Include\Render\HrRenderQueue.h">
      <Filter>Include\Render</Filter>
    </ClInclude>
    <ClInclude Include="Include\Scene\HrScene.h">
      <Filter>Include\Scene</Filter>
    </ClInclude>
    <ClInclude Include="Include\Render\HrRenderLayout.h">
      <Filter>Include\Render</Filter>
    </ClInclude>
    <ClInclude Include="Include\Render\HrRenderable.h">
      <Filter>Include\Render</Filter>
    </ClInclude>
    <ClInclude Include="Include\Asset\HrStreamData.h">
      <Filter>Include\Asset</Filter>
    </ClInclude>
    <ClInclude Include="Include\Render\HrVertex.h">
      <Filter>Include\Render</Filter>
    </ClInclude>
    <ClInclude Include="Include\Render\HrRenderFrameParameters.h">
      <Filter>Include\Render</Filter>
    </ClInclude>
    <ClInclude Include="Include\Render\HrDataFormat.h">
      <Filter>Include\Render</Filter>
    </ClInclude>
    <ClInclude Include="Include\Render\HrRenderTarget.h">
      <Filter>Include\Render</Filter>
    </ClInclude>
    <ClInclude Include="Include\Render\HrViewPort.h">
      <Filter>Include\Render</Filter>
    </ClInclude>
    <ClInclude Include="Include\Render\HrRenderFactory.h">
      <Filter>Include\Render</Filter>
    </ClInclude>
    <ClInclude Include="Include\Render\HrRender.h">
      <Filter>Include\Render</Filter>
    </ClInclude>
    <ClInclude Include="Include\Config\HrContextConfig.h">
      <Filter>Include\Config</Filter>
    </ClInclude>
    <ClInclude Include="Include\Render\HrGraphicsBuffer.h">
      <Filter>Include\Render</Filter>
    </ClInclude>
    <ClInclude Include="Include\Asset\HrRenderEffect.h">
      <Filter>Include\Asset</Filter>
    </ClInclude>
    <ClInclude Include="Include\Asset\HrResource.h">
      <Filter>Include\Asset</Filter>
    </ClInclude>
    <ClInclude Include="Include\Asset\HrResourceLoader.h">
      <Filter>Include\Asset</Filter>
    </ClInclude>
    <ClInclude Include="Include\Asset\HrResourceManager.h">
      <Filter>Include\Asset</Filter>
    </ClInclude>
    <ClInclude Include="Include\Asset\HrGeometryFactory.h">
      <Filter>Include\Asset</Filter>
    </ClInclude>
    <ClInclude Include="Include\Event\HrEvent.h">
      <Filter>Include\Event</Filter>
    </ClInclude>
    <ClInclude Include="Include\Event\HrEventDispatcher.h">
      <Filter>Include\Event</Filter>
    </ClInclude>
    <ClInclude Include="Include\Event\HrEventListener.h">
      <Filter>Include\Event</Filter>
    </ClInclude>
    <ClInclude Include="Include\HrCorePreDeclare.h">
      <Filter>Include</Filter>
    </ClInclude>
    <ClInclude Include="Include\HrCorePrerequisite.h">
      <Filter>Include</Filter>
    </ClInclude>
    <ClInclude Include="Include\HrExport.h">
      <Filter>Include</Filter>
    </ClInclude>
    <ClInclude Include="Include\Kernel\HrApplication.h">
      <Filter>Include\Kernel</Filter>
    </ClInclude>
    <ClInclude Include="Include\Kernel\HrDirector.h">
      <Filter>Include\Kernel</Filter>
    </ClInclude>
    <ClInclude Include="Include\Kernel\HrInputManager.h">
      <Filter>Include\Kernel</Filter>
    </ClInclude>
    <ClInclude Include="Include\Kernel\HrLog.h">
      <Filter>Include\Kernel</Filter>
    </ClInclude>
    <ClInclude Include="Include\Kernel\HrScheduler.h">
      <Filter>Include\Kernel</Filter>
    </ClInclude>
    <ClInclude Include="Include\Kernel\HrWindow.h">
      <Filter>Include\Kernel</Filter>
    </ClInclude>
    <ClInclude Include="Include\Kernel\HrIDObject.h">
      <Filter>Include\Kernel</Filter>
    </ClInclude>
    <ClInclude Include="Include\Scene\HrTransform.h">
      <Filter>Include\Scene</Filter>
    </ClInclude>
    <ClInclude Include="Include\Kernel\HrFileUtils.h">
      <Filter>Include\Kernel</Filter>
    </ClInclude>
    <ClInclude Include="Include\Asset\Loader\HrModelLoader.h">
      <Filter>Include\Asset\Loader</Filter>
    </ClInclude>
    <ClInclude Include="Include\Asset\Loader\HrFBXLoader.h">
      <Filter>Include\Asset\Loader</Filter>
    </ClInclude>
    <ClInclude Include="Include\Asset\HrMesh.h">
      <Filter>Include\Asset</Filter>
    </ClInclude>
    <ClInclude Include="Include\Asset\HrSceneObjectFactory.h">
      <Filter>Include\Asset</Filter>
    </ClInclude>
    <ClInclude Include="Include\Asset\HrMaterial.h">
      <Filter>Include\Asset</Filter>
    </ClInclude>
    <ClInclude Include="Include\Render\HrShader.h">
      <Filter>Include\Render</Filter>
    </ClInclude>
    <ClInclude Include="Include\Asset\HrRenderEffectParameter.h">
      <Filter>Include\Asset</Filter>
    </ClInclude>
    <ClInclude Include="Include\Asset\HrShaderCompiler.h">
      <Filter>Include\Asset</Filter>
    </ClInclude>
    <ClInclude Include="Include\Asset\HrTexture.h">
      <Filter>Include\Asset</Filter>
    </ClInclude>
    <ClInclude Include="Include\Render\HrSamplerState.h">
      <Filter>Include\Render</Filter>
    </ClInclude>
    <ClInclude Include="Include\Render\HrBlendState.h">
      <Filter>Include\Render</Filter>
    </ClInclude>
    <ClInclude Include="Include\Scene\HrSceneImported.h">
      <Filter>Include\Scene</Filter>
    </ClInclude>
    <ClInclude Include="Include\Render\HrRasterizerState.h">
      <Filter>Include\Render</Filter>
    </ClInclude>
    <ClInclude Include="Include\Render\HrSkyBox.h">
      <Filter>Include\Render</Filter>
    </ClInclude>
    <ClInclude Include="Include\Render\HrLight.h">
      <Filter>Include\Render</Filter>
    </ClInclude>
    <ClInclude Include="Include\Render\HrDepthStencilState.h">
      <Filter>Include\Render</Filter>
    </ClInclude>
    <ClInclude Include="Include\Kernel\HrCoreComponent.h">
      <Filter>Include\Kernel</Filter>
    </ClInclude>
    <ClInclude Include="Include\Render\HrRenderSystem.h">
      <Filter>Include\Render</Filter>
    </ClInclude>
    <ClInclude Include="Include\Render\HrRenderFrame.h">
      <Filter>Include\Render</Filter>
    </ClInclude>
    <ClInclude Include="Include\Scene\HrSceneObject.h">
      <Filter>Include\Scene</Filter>
    </ClInclude>
    <ClInclude Include="Include\Scene\HrSceneObjectComponent.h">
      <Filter>Include\Scene</Filter>
    </ClInclude>
    <ClInclude Include="Include\Render\HrDepthStencil.h">
      <Filter>Include\Render</Filter>
    </ClInclude>
    <ClInclude Include="Include\Kernel\HrCoreComponentRender.h">
      <Filter>Include\Kernel</Filter>
    </ClInclude>
    <ClInclude Include="Include\Kernel\HrCoreComponentScene.h">
      <Filter>Include\Kernel</Filter>
    </ClInclude>
    <ClInclude Include="Include\Kernel\HrCoreComponentWin.h">
      <Filter>Include\Kernel</Filter>
    </ClInclude>
    <ClInclude Include="Include\Kernel\HrCoreComponentEvent.h">
      <Filter>Include\Kernel</Filter>
    </ClInclude>
    <ClInclude Include="Include\Platform\AppWin\HrAppWindows.h">
      <Filter>Include\Platform\AppWin</Filter>
    </ClInclude>
    <ClInclude Include="Include\Platform\AppWin\HrWindowsEventUtilities.h">
      <Filter>Include\Platform\AppWin</Filter>
    </ClInclude>
    <ClInclude Include="Include\Platform\AppWin\HrWindowWin.h">
      <Filter>Include\Platform\AppWin</Filter>
    </ClInclude>
    <ClInclude Include="Include\Render\HrInstanceBatch.h">
      <Filter>Include\Render</Filter>
    </ClInclude>
    <ClInclude Include="Include\Render\HrInstanceBatchShader.h">
      <Filter>Include\Render</Filter>
    </ClInclude>
    <ClInclude Include="Include\Render\HrInstanceBatchHW.h">
      <Filter>Include\Render</Filter>
    </ClInclude>
    <ClInclude Include="Include\Asset\HrModel.h">
      <Filter>Include\Asset</Filter>
    </ClInclude>
    <ClInclude Include="Include\Kernel\HrCoreComponentResource.h">
      <Filter>Include\Kernel</Filter>
    </ClInclude>
    <ClInclude Include="Include\Render\HrMeshRenderable.h">
      <Filter>Include\Render</Filter>
    </ClInclude>
    <ClInclude Include="Include\Render\HrInstanceBatchObject.h">
      <Filter>Include\Render</Filter>
    </ClInclude>
  </ItemGroup>
  <ItemGroup>
    <ClCompile Include="Source\MemoryAlloc\HrMemoryAllocatedObject.cpp">
      <Filter>Source\MemoryAlloc</Filter>
    </ClCompile>
    <ClCompile Include="Source\MemoryAlloc\HrMemoryNedAlloc.cpp">
      <Filter>Source\MemoryAlloc</Filter>
    </ClCompile>
    <ClCompile Include="Source\MemoryAlloc\HrMemoryNedPooling.cpp">
      <Filter>Source\MemoryAlloc</Filter>
    </ClCompile>
    <ClCompile Include="Source\MemoryAlloc\HrMemoryTracker.cpp">
      <Filter>Source\MemoryAlloc</Filter>
    </ClCompile>
    <ClCompile Include="Source\Render\HrCamera.cpp">
      <Filter>Source\Render</Filter>
    </ClCompile>
    <ClCompile Include="Source\Render\HrFrustom.cpp">
      <Filter>Source\Render</Filter>
    </ClCompile>
    <ClCompile Include="Source\Render\HrRenderTechnique.cpp">
      <Filter>Source\Render</Filter>
    </ClCompile>
    <ClCompile Include="Source\Render\HrRenderPass.cpp">
      <Filter>Source\Render</Filter>
    </ClCompile>
    <ClCompile Include="Source\Scene\HrSceneManager.cpp">
      <Filter>Source\Scene</Filter>
    </ClCompile>
    <ClCompile Include="Source\Scene\HrSceneNode.cpp">
      <Filter>Source\Scene</Filter>
    </ClCompile>
    <ClCompile Include="Source\Scene\HrScene.cpp">
      <Filter>Source\Scene</Filter>
    </ClCompile>
    <ClCompile Include="Source\Render\HrRenderLayout.cpp">
      <Filter>Source\Render</Filter>
    </ClCompile>
    <ClCompile Include="Source\Render\HrRenderable.cpp">
      <Filter>Source\Render</Filter>
    </ClCompile>
    <ClCompile Include="Source\Render\HrRenderQueue.cpp">
      <Filter>Source\Render</Filter>
    </ClCompile>
    <ClCompile Include="Source\Asset\HrStreamData.cpp">
      <Filter>Source\Asset</Filter>
    </ClCompile>
    <ClCompile Include="Source\Render\HrVertex.cpp">
      <Filter>Source\Render</Filter>
    </ClCompile>
    <ClCompile Include="Source\Render\HrRenderFrameParameters.cpp">
      <Filter>Source\Render</Filter>
    </ClCompile>
    <ClCompile Include="Source\Render\HrRenderTarget.cpp">
      <Filter>Source\Render</Filter>
    </ClCompile>
    <ClCompile Include="Source\Render\HrViewPort.cpp">
      <Filter>Source\Render</Filter>
    </ClCompile>
    <ClCompile Include="Source\Config\HrContextConfig.cpp">
      <Filter>Source\Config</Filter>
    </ClCompile>
    <ClCompile Include="Source\Asset\HrRenderEffect.cpp">
      <Filter>Source\Asset</Filter>
    </ClCompile>
    <ClCompile Include="Source\Asset\HrResourceLoader.cpp">
      <Filter>Source\Asset</Filter>
    </ClCompile>
    <ClCompile Include="Source\Asset\HrResourceManager.cpp">
      <Filter>Source\Asset</Filter>
    </ClCompile>
    <ClCompile Include="Source\Asset\HrGeometryFactory.cpp">
      <Filter>Source\Asset</Filter>
    </ClCompile>
    <ClCompile Include="Source\Event\HrEvent.cpp">
      <Filter>Source\Event</Filter>
    </ClCompile>
    <ClCompile Include="Source\Event\HrEventDispatcher.cpp">
      <Filter>Source\Event</Filter>
    </ClCompile>
    <ClCompile Include="Source\Kernel\HrDirector.cpp">
      <Filter>Source\Kernel</Filter>
    </ClCompile>
    <ClCompile Include="Source\Kernel\HrExport.cpp">
      <Filter>Source\Kernel</Filter>
    </ClCompile>
    <ClCompile Include="Source\Kernel\HrInputManager.cpp">
      <Filter>Source\Kernel</Filter>
    </ClCompile>
    <ClCompile Include="Source\Kernel\HrLog.cpp">
      <Filter>Source\Kernel</Filter>
    </ClCompile>
    <ClCompile Include="Source\Kernel\HrWindow.cpp">
      <Filter>Source\Kernel</Filter>
    </ClCompile>
    <ClCompile Include="Source\Kernel\HrScheduler.cpp">
      <Filter>Source\Kernel</Filter>
    </ClCompile>
    <ClCompile Include="Source\Scene\HrTransform.cpp">
      <Filter>Source\Scene</Filter>
    </ClCompile>
    <ClCompile Include="Source\Kernel\HrFileUtils.cpp">
      <Filter>Source\Kernel</Filter>
    </ClCompile>
    <ClCompile Include="Source\Asset\Loader\HrModelLoader.cpp">
      <Filter>Source\Asset\Loader</Filter>
    </ClCompile>
    <ClCompile Include="Source\Asset\Loader\HrFBXLoader.cpp">
      <Filter>Source\Asset\Loader</Filter>
    </ClCompile>
    <ClCompile Include="Source\Asset\HrMesh.cpp">
      <Filter>Source\Asset</Filter>
    </ClCompile>
    <ClCompile Include="Source\Asset\HrSceneObjectFactory.cpp">
      <Filter>Source\Asset</Filter>
    </ClCompile>
    <ClCompile Include="Source\Render\HrGraphicsBuffer.cpp">
      <Filter>Source\Render</Filter>
    </ClCompile>
    <ClCompile Include="Source\Asset\HrMaterial.cpp">
      <Filter>Source\Asset</Filter>
    </ClCompile>
    <ClCompile Include="Source\Render\HrShader.cpp">
      <Filter>Source\Render</Filter>
    </ClCompile>
    <ClCompile Include="Source\Asset\HrRenderEffectParameter.cpp">
      <Filter>Source\Asset</Filter>
    </ClCompile>
    <ClCompile Include="Source\Asset\HrShaderCompiler.cpp">
      <Filter>Source\Asset</Filter>
    </ClCompile>
    <ClCompile Include="Source\Asset\HrTexture.cpp">
      <Filter>Source\Asset</Filter>
    </ClCompile>
    <ClCompile Include="Source\Render\HrSamplerState.cpp">
      <Filter>Source\Render</Filter>
    </ClCompile>
    <ClCompile Include="Source\Render\HrBlendState.cpp">
      <Filter>Source\Render</Filter>
    </ClCompile>
    <ClCompile Include="Source\Scene\HrSceneImported.cpp">
      <Filter>Source\Scene</Filter>
    </ClCompile>
    <ClCompile Include="Source\Render\HrRasterizerState.cpp">
      <Filter>Source\Render</Filter>
    </ClCompile>
    <ClCompile Include="Source\Render\HrRenderFactory.cpp">
      <Filter>Source\Render</Filter>
    </ClCompile>
    <ClCompile Include="Source\Render\HrSkyBox.cpp">
      <Filter>Source\Render</Filter>
    </ClCompile>
    <ClCompile Include="Source\Render\HrLight.cpp">
      <Filter>Source\Render</Filter>
    </ClCompile>
    <ClCompile Include="Source\Render\HrDepthStencilState.cpp">
      <Filter>Source\Render</Filter>
    </ClCompile>
    <ClCompile Include="Source\Event\HrEventListener.cpp">
      <Filter>Source\Event</Filter>
    </ClCompile>
    <ClCompile Include="Source\Kernel\HrCoreComponent.cpp">
      <Filter>Source\Kernel</Filter>
    </ClCompile>
    <ClCompile Include="Source\Render\HrRenderSystem.cpp">
      <Filter>Source\Render</Filter>
    </ClCompile>
    <ClCompile Include="Source\Render\HrRenderFrame.cpp">
      <Filter>Source\Render</Filter>
    </ClCompile>
    <ClCompile Include="Source\Scene\HrSceneObject.cpp">
      <Filter>Source\Scene</Filter>
    </ClCompile>
    <ClCompile Include="Source\Scene\HrSceneObjectComponent.cpp">
      <Filter>Source\Scene</Filter>
    </ClCompile>
    <ClCompile Include="Source\Render\HrDepthStencil.cpp">
      <Filter>Source\Render</Filter>
    </ClCompile>
    <ClCompile Include="Source\Asset\HrResource.cpp">
      <Filter>Source\Asset</Filter>
    </ClCompile>
    <ClCompile Include="Source\Kernel\HrCoreComponentRender.cpp">
      <Filter>Source\Kernel</Filter>
    </ClCompile>
    <ClCompile Include="Source\Kernel\HrCoreComponentScene.cpp">
      <Filter>Source\Kernel</Filter>
    </ClCompile>
    <ClCompile Include="Source\Kernel\HrCoreComponentWin.cpp">
      <Filter>Source\Kernel</Filter>
    </ClCompile>
    <ClCompile Include="Source\Kernel\HrCoreComponentEvent.cpp">
      <Filter>Source\Kernel</Filter>
    </ClCompile>
    <ClCompile Include="Source\Kernel\HrApplication.cpp">
      <Filter>Source\Kernel</Filter>
    </ClCompile>
    <ClCompile Include="Source\Platform\AppWin\HrAppWindows.cpp">
      <Filter>Source\Platform\AppWin</Filter>
    </ClCompile>
    <ClCompile Include="Source\Platform\AppWin\HrWindowsEventUtilities.cpp">
      <Filter>Source\Platform\AppWin</Filter>
    </ClCompile>
    <ClCompile Include="Source\Platform\AppWin\HrWindowWin.cpp">
      <Filter>Source\Platform\AppWin</Filter>
    </ClCompile>
    <ClCompile Include="Source\Render\HrInstanceBatch.cpp">
      <Filter>Source\Render</Filter>
    </ClCompile>
    <ClCompile Include="Source\Render\HrInstanceBatchShader.cpp">
      <Filter>Source\Render</Filter>
    </ClCompile>
    <ClCompile Include="Source\Render\HrInstanceBatchHW.cpp">
      <Filter>Source\Render</Filter>
    </ClCompile>
    <ClCompile Include="Source\Asset\HrModel.cpp">
      <Filter>Source\Asset</Filter>
    </ClCompile>
    <ClCompile Include="Source\Kernel\HrCoreComponentResource.cpp">
      <Filter>Source\Kernel</Filter>
    </ClCompile>
    <ClCompile Include="Source\Render\HrMeshRenderable.cpp">
      <Filter>Source\Render</Filter>
    </ClCompile>
    <ClCompile Include="Source\Render\HrInstanceBatchObject.cpp">
      <Filter>Source\Render</Filter>
    </ClCompile>
  </ItemGroup>
  <ItemGroup>
    <None Include="..\..\Bin_Win\Media\HrShader\HrLambert.effectxml">
      <Filter>Effects</Filter>
    </None>
    <None Include="..\..\Bin_Win\Media\HrShader\HrLambert.fx">
      <Filter>Effects</Filter>
    </None>
    <None Include="..\..\Bin_Win\Media\HrShader\HrLightingCommon.fx">
      <Filter>Effects</Filter>
    </None>
    <None Include="..\..\Bin_Win\Media\HrShader\HrPhong.fx">
      <Filter>Effects</Filter>
    </None>
  </ItemGroup>
</Project>