<?xml version="1.0" encoding="utf-8"?>
<Project ToolsVersion="4.0" xmlns="http://schemas.microsoft.com/developer/msbuild/2003">
  <ItemGroup>
    <Filter Include="Resource Files">
      <UniqueIdentifier>{67DA6AB6-F800-4c08-8B7A-83BB121AAD01}</UniqueIdentifier>
      <Extensions>rc;ico;cur;bmp;dlg;rc2;rct;bin;rgs;gif;jpg;jpeg;jpe;resx;tiff;tif;png;wav;mfcribbon-ms</Extensions>
    </Filter>
    <Filter Include="Include">
      <UniqueIdentifier>{7ba03f6a-b506-42b8-ad81-1973ab1e748e}</UniqueIdentifier>
    </Filter>
    <Filter Include="Source">
      <UniqueIdentifier>{0ad37dd0-b256-4e1e-9050-042f31e39150}</UniqueIdentifier>
    </Filter>
  </ItemGroup>
  <ItemGroup>
    <ClInclude Include="Include\IDirector.h">
      <Filter>Include</Filter>
    </ClInclude>
    <ClInclude Include="Include\HrDirector.h">
      <Filter>Include</Filter>
    </ClInclude>
    <ClInclude Include="Include\HrSystemSupporter.h">
      <Filter>Include</Filter>
    </ClInclude>
    <ClInclude Include="Include\HrExport.h">
      <Filter>Include</Filter>
    </ClInclude>
    <ClInclude Include="Include\HrSystemCenterPrerequisites.h">
      <Filter>Include</Filter>
    </ClInclude>
    <ClInclude Include="Include\HrWin32WindowEventUtilities.h">
      <Filter>Include</Filter>
    </ClInclude>
    <ClInclude Include="Include\ISupporter.h">
      <Filter>Include</Filter>
    </ClInclude>
  </ItemGroup>
  <ItemGroup>
    <ClCompile Include="Source\HrDirector.cpp">
      <Filter>Source</Filter>
    </ClCompile>
    <ClCompile Include="Source\HrSystemSupporter.cpp">
      <Filter>Source</Filter>
    </ClCompile>
    <ClCompile Include="Source\HrExport.cpp">
      <Filter>Source</Filter>
    </ClCompile>
    <ClCompile Include="Source\HrWin32WindowEventUtilities.cpp">
      <Filter>Source</Filter>
    </ClCompile>
  </ItemGroup>
</Project>