<?xml version="1.0" encoding="utf-8"?>
<Project ToolsVersion="4.0" xmlns="http://schemas.microsoft.com/developer/msbuild/2003">
  <ItemGroup>
    <Filter Include="Include">
      <UniqueIdentifier>{4916b2e3-deb9-47b6-825d-a55c1b437fba}</UniqueIdentifier>
    </Filter>
    <Filter Include="Source">
      <UniqueIdentifier>{05487292-b229-4bc7-9c62-911ef47b7a2e}</UniqueIdentifier>
    </Filter>
    <Filter Include="FX">
      <UniqueIdentifier>{ebb010a4-8466-462c-88e7-2f5ec9e3ecb9}</UniqueIdentifier>
    </Filter>
  </ItemGroup>
  <ItemGroup>
    <ClInclude Include="Include\HrExport.h">
      <Filter>Include</Filter>
    </ClInclude>
    <ClInclude Include="Include\HrRenderD3D11DemoTriangle.h">
      <Filter>Include</Filter>
    </ClInclude>
    <ClInclude Include="Include\HrRenderDemo.h">
      <Filter>Include</Filter>
    </ClInclude>
    <ClInclude Include="Include\HrRenderDemoPrerequisites.h">
      <Filter>Include</Filter>
    </ClInclude>
    <ClInclude Include="Include\IRenderDemo.h">
      <Filter>Include</Filter>
    </ClInclude>
    <ClInclude Include="Include\HrRenderD3D11DemoGeometry.h">
      <Filter>Include</Filter>
    </ClInclude>
    <ClInclude Include="Include\HrRenderD3D11DemoLight.h">
      <Filter>Include</Filter>
    </ClInclude>
    <ClInclude Include="Include\HrRenderD3D11DemoSprite.h">
      <Filter>Include</Filter>
    </ClInclude>
    <ClInclude Include="Include\HrRenderD3D11DemoXNA.h">
      <Filter>Include</Filter>
    </ClInclude>
    <ClInclude Include="Include\HrRenderD3D11DemoHrMath.h">
      <Filter>Include</Filter>
    </ClInclude>
    <ClInclude Include="Include\HrRenderD3D11DemoHLSL.h">
      <Filter>Include</Filter>
    </ClInclude>
  </ItemGroup>
  <ItemGroup>
    <ClCompile Include="Source\HrExport.cpp">
      <Filter>Source</Filter>
    </ClCompile>
    <ClCompile Include="Source\HrRenderD3D11DemoGeometry.cpp">
      <Filter>Source</Filter>
    </ClCompile>
    <ClCompile Include="Source\HrRenderD3D11DemoLight.cpp">
      <Filter>Source</Filter>
    </ClCompile>
    <ClCompile Include="Source\HrRenderD3D11DemoSprite.cpp">
      <Filter>Source</Filter>
    </ClCompile>
    <ClCompile Include="Source\HrRenderD3D11DemoXNA.cpp">
      <Filter>Source</Filter>
    </ClCompile>
    <ClCompile Include="Source\HrRenderD3D11DemoHrMath.cpp">
      <Filter>Source</Filter>
    </ClCompile>
    <ClCompile Include="Source\HrRenderD3D11DemoHLSL.cpp">
      <Filter>Source</Filter>
    </ClCompile>
    <ClCompile Include="Source\HrRenderD3D11DemoTriangle.cpp">
      <Filter>Source</Filter>
    </ClCompile>
  </ItemGroup>
  <ItemGroup>
    <Xml Include="..\..\..\Bin_Win\Media\HrShader\BasicEffect.xml">
      <Filter>FX</Filter>
    </Xml>
  </ItemGroup>
</Project>