<?xml version="1.0" encoding="utf-8"?>
<Project ToolsVersion="4.0" xmlns="http://schemas.microsoft.com/developer/msbuild/2003">
  <ItemGroup>
    <Filter Include="Include">
      <UniqueIdentifier>{60d0b5ca-abc9-459a-83c7-6b89fdf9c4cf}</UniqueIdentifier>
    </Filter>
    <Filter Include="Source">
      <UniqueIdentifier>{da30e265-25d1-43bd-bb05-3346206add59}</UniqueIdentifier>
    </Filter>
    <Filter Include="Include\Win32">
      <UniqueIdentifier>{18485a32-2bd7-40ee-a7be-90c6cac94b4e}</UniqueIdentifier>
    </Filter>
    <Filter Include="Source\Win32">
      <UniqueIdentifier>{38a84e73-5706-41ce-b9db-b9b2c2e40fae}</UniqueIdentifier>
    </Filter>
  </ItemGroup>
  <ItemGroup>
    <ClInclude Include="Include\IApplication.h">
      <Filter>Include</Filter>
    </ClInclude>
    <ClInclude Include="Include\HrApplicationPrerequisites.h">
      <Filter>Include</Filter>
    </ClInclude>
    <ClInclude Include="Include\Win32\HrApplication_Win32.h">
      <Filter>Include\Win32</Filter>
    </ClInclude>
    <ClInclude Include="Include\HrExport.h">
      <Filter>Include</Filter>
    </ClInclude>
  </ItemGroup>
  <ItemGroup>
    <ClCompile Include="Source\Win32\HrApplication_Win32.cpp">
      <Filter>Source\Win32</Filter>
    </ClCompile>
    <ClCompile Include="Source\HrExport.cpp">
      <Filter>Source</Filter>
    </ClCompile>
  </ItemGroup>
</Project>