<?xml version="1.0" encoding="utf-8"?>
<Project ToolsVersion="4.0" xmlns="http://schemas.microsoft.com/developer/msbuild/2003">
  <ItemGroup>
    <Filter Include="Resource Files">
      <UniqueIdentifier>{67DA6AB6-F800-4c08-8B7A-83BB121AAD01}</UniqueIdentifier>
      <Extensions>rc;ico;cur;bmp;dlg;rc2;rct;bin;rgs;gif;jpg;jpeg;jpe;resx;tiff;tif;png;wav;mfcribbon-ms</Extensions>
    </Filter>
    <Filter Include="Include">
      <UniqueIdentifier>{d358c991-1f79-49a6-b63a-d1407398d33e}</UniqueIdentifier>
    </Filter>
    <Filter Include="Source">
      <UniqueIdentifier>{30c3e0dd-91e8-455a-ab80-256d41ee0eeb}</UniqueIdentifier>
    </Filter>
    <Filter Include="Source\MemoryAlloc">
      <UniqueIdentifier>{dbe13f5c-7f8c-4343-b77d-4474cfad25d7}</UniqueIdentifier>
    </Filter>
    <Filter Include="Include\MemoryAlloc">
      <UniqueIdentifier>{d392fa82-a68a-49c6-865f-d63a265a0b5f}</UniqueIdentifier>
    </Filter>
    <Filter Include="Include\Render">
      <UniqueIdentifier>{896a30f4-1749-4623-a5a1-cc1ff8e4bc48}</UniqueIdentifier>
    </Filter>
    <Filter Include="Source\Render">
      <UniqueIdentifier>{9ced46a9-c75b-4707-baae-f6c542d913f1}</UniqueIdentifier>
    </Filter>
  </ItemGroup>
  <ItemGroup>
    <ClInclude Include="Include\HrExport.h">
      <Filter>Include</Filter>
    </ClInclude>
    <ClInclude Include="Include\HrMainPrerequisiters.h">
      <Filter>Include</Filter>
    </ClInclude>
    <ClInclude Include="Include\HrLog.h">
      <Filter>Include</Filter>
    </ClInclude>
    <ClInclude Include="Include\ILog.h">
      <Filter>Include</Filter>
    </ClInclude>
    <ClInclude Include="Include\HrDirector.h">
      <Filter>Include</Filter>
    </ClInclude>
    <ClInclude Include="Include\HrSystemSupporter.h">
      <Filter>Include</Filter>
    </ClInclude>
    <ClInclude Include="Include\HrWin32WindowEventUtilities.h">
      <Filter>Include</Filter>
    </ClInclude>
    <ClInclude Include="Include\IDirector.h">
      <Filter>Include</Filter>
    </ClInclude>
    <ClInclude Include="Include\ISupporter.h">
      <Filter>Include</Filter>
    </ClInclude>
    <ClInclude Include="Include\MemoryAlloc\HrMemoryAllocatedObject.h">
      <Filter>Include\MemoryAlloc</Filter>
    </ClInclude>
    <ClInclude Include="Include\MemoryAlloc\HrMemoryAllocatorConfig.h">
      <Filter>Include\MemoryAlloc</Filter>
    </ClInclude>
    <ClInclude Include="Include\MemoryAlloc\HrMemoryNedAlloc.h">
      <Filter>Include\MemoryAlloc</Filter>
    </ClInclude>
    <ClInclude Include="Include\MemoryAlloc\HrMemoryNedPooling.h">
      <Filter>Include\MemoryAlloc</Filter>
    </ClInclude>
    <ClInclude Include="Include\MemoryAlloc\HrMemoryTracker.h">
      <Filter>Include\MemoryAlloc</Filter>
    </ClInclude>
    <ClInclude Include="Include\ITimer.h">
      <Filter>Include</Filter>
    </ClInclude>
    <ClInclude Include="Include\HrTimer.h">
      <Filter>Include</Filter>
    </ClInclude>
    <ClInclude Include="Include\Render\ICamera.h">
      <Filter>Include\Render</Filter>
    </ClInclude>
    <ClInclude Include="Include\Render\HrCamera.h">
      <Filter>Include\Render</Filter>
    </ClInclude>
    <ClInclude Include="Include\Render\HrFrustum.h">
      <Filter>Include\Render</Filter>
    </ClInclude>
  </ItemGroup>
  <ItemGroup>
    <ClCompile Include="Source\HrExport.cpp">
      <Filter>Source</Filter>
    </ClCompile>
    <ClCompile Include="Source\HrLog.cpp">
      <Filter>Source</Filter>
    </ClCompile>
    <ClCompile Include="Source\HrDirector.cpp">
      <Filter>Source</Filter>
    </ClCompile>
    <ClCompile Include="Source\HrSystemSupporter.cpp">
      <Filter>Source</Filter>
    </ClCompile>
    <ClCompile Include="Source\HrWin32WindowEventUtilities.cpp">
      <Filter>Source</Filter>
    </ClCompile>
    <ClCompile Include="Source\MemoryAlloc\HrMemoryNedAlloc.cpp">
      <Filter>Source\MemoryAlloc</Filter>
    </ClCompile>
    <ClCompile Include="Source\MemoryAlloc\HrMemoryNedPooling.cpp">
      <Filter>Source\MemoryAlloc</Filter>
    </ClCompile>
    <ClCompile Include="Source\MemoryAlloc\HrMemoryTracker.cpp">
      <Filter>Source\MemoryAlloc</Filter>
    </ClCompile>
    <ClCompile Include="Source\MemoryAlloc\HrMemoryAllocatedObject.cpp">
      <Filter>Source\MemoryAlloc</Filter>
    </ClCompile>
    <ClCompile Include="Source\HrTimer.cpp">
      <Filter>Source</Filter>
    </ClCompile>
    <ClCompile Include="Source\Render\HrCamera.cpp">
      <Filter>Source\Render</Filter>
    </ClCompile>
    <ClCompile Include="Source\Render\HrFrustom.cpp">
      <Filter>Source\Render</Filter>
    </ClCompile>
  </ItemGroup>
</Project>