<?xml version="1.0" encoding="utf-8"?>
<Project ToolsVersion="4.0" xmlns="http://schemas.microsoft.com/developer/msbuild/2003">
  <ItemGroup>
    <Filter Include="Resource Files">
      <UniqueIdentifier>{67DA6AB6-F800-4c08-8B7A-83BB121AAD01}</UniqueIdentifier>
      <Extensions>rc;ico;cur;bmp;dlg;rc2;rct;bin;rgs;gif;jpg;jpeg;jpe;resx;tiff;tif;png;wav;mfcribbon-ms</Extensions>
    </Filter>
    <Filter Include="Include">
      <UniqueIdentifier>{d358c991-1f79-49a6-b63a-d1407398d33e}</UniqueIdentifier>
    </Filter>
    <Filter Include="Source">
      <UniqueIdentifier>{30c3e0dd-91e8-455a-ab80-256d41ee0eeb}</UniqueIdentifier>
    </Filter>
    <Filter Include="Source\MemoryAlloc">
      <UniqueIdentifier>{dbe13f5c-7f8c-4343-b77d-4474cfad25d7}</UniqueIdentifier>
    </Filter>
    <Filter Include="Include\MemoryAlloc">
      <UniqueIdentifier>{d392fa82-a68a-49c6-865f-d63a265a0b5f}</UniqueIdentifier>
    </Filter>
    <Filter Include="Include\Math">
      <UniqueIdentifier>{aa490f05-2ab4-4abb-9b2f-f43fe9b034d0}</UniqueIdentifier>
    </Filter>
    <Filter Include="Source\Math">
      <UniqueIdentifier>{897cf518-879a-4834-bf97-3592336f75d0}</UniqueIdentifier>
    </Filter>
  </ItemGroup>
  <ItemGroup>
    <ClInclude Include="Include\HrExport.h">
      <Filter>Include</Filter>
    </ClInclude>
    <ClInclude Include="Include\HrMainPrerequisiters.h">
      <Filter>Include</Filter>
    </ClInclude>
    <ClInclude Include="Include\HrLog.h">
      <Filter>Include</Filter>
    </ClInclude>
    <ClInclude Include="Include\ILog.h">
      <Filter>Include</Filter>
    </ClInclude>
    <ClInclude Include="Include\HrDirector.h">
      <Filter>Include</Filter>
    </ClInclude>
    <ClInclude Include="Include\HrSystemSupporter.h">
      <Filter>Include</Filter>
    </ClInclude>
    <ClInclude Include="Include\HrWin32WindowEventUtilities.h">
      <Filter>Include</Filter>
    </ClInclude>
    <ClInclude Include="Include\IDirector.h">
      <Filter>Include</Filter>
    </ClInclude>
    <ClInclude Include="Include\ISupporter.h">
      <Filter>Include</Filter>
    </ClInclude>
    <ClInclude Include="Include\MemoryAlloc\HrMemoryAllocatedObject.h">
      <Filter>Include\MemoryAlloc</Filter>
    </ClInclude>
    <ClInclude Include="Include\MemoryAlloc\HrMemoryAllocatorConfig.h">
      <Filter>Include\MemoryAlloc</Filter>
    </ClInclude>
    <ClInclude Include="Include\MemoryAlloc\HrMemoryNedAlloc.h">
      <Filter>Include\MemoryAlloc</Filter>
    </ClInclude>
    <ClInclude Include="Include\MemoryAlloc\HrMemoryNedPooling.h">
      <Filter>Include\MemoryAlloc</Filter>
    </ClInclude>
    <ClInclude Include="Include\MemoryAlloc\HrMemoryTracker.h">
      <Filter>Include\MemoryAlloc</Filter>
    </ClInclude>
    <ClInclude Include="Include\ITimer.h">
      <Filter>Include</Filter>
    </ClInclude>
    <ClInclude Include="Include\HrTimer.h">
      <Filter>Include</Filter>
    </ClInclude>
    <ClInclude Include="Include\Math\HrMath.h">
      <Filter>Include\Math</Filter>
    </ClInclude>
    <ClInclude Include="Include\Math\HrVector3.h">
      <Filter>Include\Math</Filter>
    </ClInclude>
    <ClInclude Include="Include\Math\HrMatrix3.h">
      <Filter>Include\Math</Filter>
    </ClInclude>
    <ClInclude Include="Include\Math\HrMatrix4.h">
      <Filter>Include\Math</Filter>
    </ClInclude>
    <ClInclude Include="Include\Math\HrQuaternion.h">
      <Filter>Include\Math</Filter>
    </ClInclude>
  </ItemGroup>
  <ItemGroup>
    <ClCompile Include="Source\HrExport.cpp">
      <Filter>Source</Filter>
    </ClCompile>
    <ClCompile Include="Source\HrLog.cpp">
      <Filter>Source</Filter>
    </ClCompile>
    <ClCompile Include="Source\HrDirector.cpp">
      <Filter>Source</Filter>
    </ClCompile>
    <ClCompile Include="Source\HrSystemSupporter.cpp">
      <Filter>Source</Filter>
    </ClCompile>
    <ClCompile Include="Source\HrWin32WindowEventUtilities.cpp">
      <Filter>Source</Filter>
    </ClCompile>
    <ClCompile Include="Source\MemoryAlloc\HrMemoryNedAlloc.cpp">
      <Filter>Source\MemoryAlloc</Filter>
    </ClCompile>
    <ClCompile Include="Source\MemoryAlloc\HrMemoryNedPooling.cpp">
      <Filter>Source\MemoryAlloc</Filter>
    </ClCompile>
    <ClCompile Include="Source\MemoryAlloc\HrMemoryTracker.cpp">
      <Filter>Source\MemoryAlloc</Filter>
    </ClCompile>
    <ClCompile Include="Source\MemoryAlloc\HrMemoryAllocatedObject.cpp">
      <Filter>Source\MemoryAlloc</Filter>
    </ClCompile>
    <ClCompile Include="Source\HrTimer.cpp">
      <Filter>Source</Filter>
    </ClCompile>
    <ClCompile Include="Source\Math\HrMath.cpp">
      <Filter>Source\Math</Filter>
    </ClCompile>
    <ClCompile Include="Source\Math\HrVector3.cpp">
      <Filter>Source\Math</Filter>
    </ClCompile>
    <ClCompile Include="Source\Math\HrMatrix3.cpp">
      <Filter>Source\Math</Filter>
    </ClCompile>
    <ClCompile Include="Source\Math\HrMatrix4.cpp">
      <Filter>Source\Math</Filter>
    </ClCompile>
    <ClCompile Include="Source\Math\HrQuaternion.cpp">
      <Filter>Source\Math</Filter>
    </ClCompile>
  </ItemGroup>
</Project>