<?xml version="1.0" encoding="utf-8"?>
<Project ToolsVersion="4.0" xmlns="http://schemas.microsoft.com/developer/msbuild/2003">
  <ItemGroup>
    <Filter Include="Resource Files">
      <UniqueIdentifier>{67DA6AB6-F800-4c08-8B7A-83BB121AAD01}</UniqueIdentifier>
      <Extensions>rc;ico;cur;bmp;dlg;rc2;rct;bin;rgs;gif;jpg;jpeg;jpe;resx;tiff;tif;png;wav;mfcribbon-ms</Extensions>
    </Filter>
    <Filter Include="Include">
      <UniqueIdentifier>{639d76e8-850d-4847-91db-32d3bd4ea5f2}</UniqueIdentifier>
    </Filter>
    <Filter Include="Source">
      <UniqueIdentifier>{802b76d9-4302-4733-8bd5-c27a7d254fb5}</UniqueIdentifier>
    </Filter>
  </ItemGroup>
  <ItemGroup>
    <ClInclude Include="Include\HrExport.h">
      <Filter>Include</Filter>
    </ClInclude>
    <ClInclude Include="Include\HrD3D11RenderPrerequisite.h">
      <Filter>Include</Filter>
    </ClInclude>
    <ClInclude Include="Include\HrD3D11Render.h">
      <Filter>Include</Filter>
    </ClInclude>
    <ClInclude Include="Include\HrD3D11RenderWindow.h">
      <Filter>Include</Filter>
    </ClInclude>
    <ClInclude Include="Include\HrD3D11RenderFactory.h">
      <Filter>Include</Filter>
    </ClInclude>
    <ClInclude Include="Include\HrD3D11Device.h">
      <Filter>Include</Filter>
    </ClInclude>
    <ClInclude Include="Include\HrD3D11Adapter.h">
      <Filter>Include</Filter>
    </ClInclude>
    <ClInclude Include="Include\HrD3D11AdapterList.h">
      <Filter>Include</Filter>
    </ClInclude>
    <ClInclude Include="Include\HrD3D11VideoMode.h">
      <Filter>Include</Filter>
    </ClInclude>
    <ClInclude Include="Include\HrD3D11RenderLayout.h">
      <Filter>Include</Filter>
    </ClInclude>
    <ClInclude Include="Include\HrD3D11Shader.h">
      <Filter>Include</Filter>
    </ClInclude>
    <ClInclude Include="Include\HrD3D11Mapping.h">
      <Filter>Include</Filter>
    </ClInclude>
    <ClInclude Include="Include\HrD3D11ShaderCompiler.h">
      <Filter>Include</Filter>
    </ClInclude>
    <ClInclude Include="Include\HrD3D11GraphicsBuffer.h">
      <Filter>Include</Filter>
    </ClInclude>
    <ClInclude Include="Include\HrD3D11Texture.h">
      <Filter>Include</Filter>
    </ClInclude>
    <ClInclude Include="Include\HrD3D11SamplerState.h">
      <Filter>Include</Filter>
    </ClInclude>
    <ClInclude Include="Include\HrD3D11BlendState.h">
      <Filter>Include</Filter>
    </ClInclude>
    <ClInclude Include="Include\HrD3D11RasterizerState.h">
      <Filter>Include</Filter>
    </ClInclude>
    <ClInclude Include="Include\HrD3D11DepthStencilState.h">
      <Filter>Include</Filter>
    </ClInclude>
  </ItemGroup>
  <ItemGroup>
    <ClCompile Include="Source\HrExport.cpp">
      <Filter>Source</Filter>
    </ClCompile>
    <ClCompile Include="Source\HrD3D11Render.cpp">
      <Filter>Source</Filter>
    </ClCompile>
    <ClCompile Include="Source\HrD3D11RenderWindow.cpp">
      <Filter>Source</Filter>
    </ClCompile>
    <ClCompile Include="Source\HrD3D11RenderFactory.cpp">
      <Filter>Source</Filter>
    </ClCompile>
    <ClCompile Include="Source\HrD3D11Device.cpp">
      <Filter>Source</Filter>
    </ClCompile>
    <ClCompile Include="Source\HrD3D11Adapter.cpp">
      <Filter>Source</Filter>
    </ClCompile>
    <ClCompile Include="Source\HrD3D11AdapterList.cpp">
      <Filter>Source</Filter>
    </ClCompile>
    <ClCompile Include="Source\HrD3D11VideoMode.cpp">
      <Filter>Source</Filter>
    </ClCompile>
    <ClCompile Include="Source\HrD3D11RenderLayout.cpp">
      <Filter>Source</Filter>
    </ClCompile>
    <ClCompile Include="Source\HrD3D11Shader.cpp">
      <Filter>Source</Filter>
    </ClCompile>
    <ClCompile Include="Source\HrD3D11Mapping.cpp">
      <Filter>Source</Filter>
    </ClCompile>
    <ClCompile Include="Source\HrD3D11ShaderCompiler.cpp">
      <Filter>Source</Filter>
    </ClCompile>
    <ClCompile Include="Source\HrD3D11GraphicsBuffer.cpp">
      <Filter>Source</Filter>
    </ClCompile>
    <ClCompile Include="Source\HrD3D11Texture.cpp">
      <Filter>Source</Filter>
    </ClCompile>
    <ClCompile Include="Source\HrD3D11SamplerState.cpp">
      <Filter>Source</Filter>
    </ClCompile>
    <ClCompile Include="Source\HrD3D11BlendState.cpp">
      <Filter>Source</Filter>
    </ClCompile>
    <ClCompile Include="Source\HrD3D11RasterizerState.cpp">
      <Filter>Source</Filter>
    </ClCompile>
    <ClCompile Include="Source\HrD3D11DepthStencilState.cpp">
      <Filter>Source</Filter>
    </ClCompile>
  </ItemGroup>
</Project>