<?xml version="1.0" encoding="utf-8"?>
<Project ToolsVersion="4.0" xmlns="http://schemas.microsoft.com/developer/msbuild/2003">
  <ItemGroup>
    <Filter Include="Include">
      <UniqueIdentifier>{fb3893a3-632d-4077-8e55-215917a76fc4}</UniqueIdentifier>
    </Filter>
    <Filter Include="Include\Win32">
      <UniqueIdentifier>{deefe41d-9811-45a1-86c0-9c20916e41e4}</UniqueIdentifier>
    </Filter>
    <Filter Include="Source">
      <UniqueIdentifier>{8e71e4a4-e5b0-478f-9746-a2e4fc7546d5}</UniqueIdentifier>
    </Filter>
    <Filter Include="Source\Win32">
      <UniqueIdentifier>{08b5aaaf-9fbd-4bdc-8e03-3d91c28564c5}</UniqueIdentifier>
    </Filter>
  </ItemGroup>
  <ItemGroup>
    <ClInclude Include="include\HrExport.h">
      <Filter>Include</Filter>
    </ClInclude>
    <ClInclude Include="include\IGameFramework.h">
      <Filter>Include</Filter>
    </ClInclude>
    <ClInclude Include="include\HrFrameworkPrerequisites.h">
      <Filter>Include</Filter>
    </ClInclude>
    <ClInclude Include="include\IApplication.h">
      <Filter>Include</Filter>
    </ClInclude>
    <ClInclude Include="include\Win32\HrApplication_Win32.h">
      <Filter>Include\Win32</Filter>
    </ClInclude>
    <ClInclude Include="Include\HrGameFramework.h">
      <Filter>Include</Filter>
    </ClInclude>
  </ItemGroup>
  <ItemGroup>
    <ClCompile Include="source\HrExport.cpp">
      <Filter>Source</Filter>
    </ClCompile>
    <ClCompile Include="source\Win32\HrApplication_Win32.cpp">
      <Filter>Source\Win32</Filter>
    </ClCompile>
    <ClCompile Include="Source\HrGameFramework.cpp">
      <Filter>Source</Filter>
    </ClCompile>
  </ItemGroup>
</Project>