
Microsoft Visual Studio Solution File, Format Version 12.00
# Visual Studio 2013
VisualStudioVersion = 12.0.31101.0
MinimumVisualStudioVersion = 10.0.40219.1
Project("{8BC9CEB8-8B4A-11D0-8D11-00A0C91BC942}") = "HrCommon", "..\HrCommon\HrCommon.vcxproj", "{D585B947-4946-4B91-82D6-0C7D06914554}"
EndProject
Project("{8BC9CEB8-8B4A-11D0-8D11-00A0C91BC942}") = "HrRenderD3D11", "..\HrRenderSystem\HrRenderD3D11\HrRenderD3D11.vcxproj", "{489A0806-F326-48DB-83DC-1575C3025D14}"
EndProject
Project("{2150E333-8FDC-42A3-9474-1A3956D46DE8}") = "HrRenderSystem", "HrRenderSystem", "{BB6E7841-F83F-4D09-8F52-2E02A10F1CA2}"
EndProject
Project("{8BC9CEB8-8B4A-11D0-8D11-00A0C91BC942}") = "HrRenderSystem", "..\HrRenderSystem\HrRenderSystem.vcxproj", "{19BE21AC-79C4-4DF0-8FBC-B39D3170D6E2}"
EndProject
Project("{8BC9CEB8-8B4A-11D0-8D11-00A0C91BC942}") = "HrGameDemo", "..\HrGameDemo\HrGameDemo.vcxproj", "{59A4A68B-24AB-45AB-9A61-9D908C2077B2}"
EndProject
Project("{8BC9CEB8-8B4A-11D0-8D11-00A0C91BC942}") = "HrLauncher", "..\HrLauncher\HrLauncher.vcxproj", "{2BF4B2C5-1454-4E5F-A432-1774D71A8F22}"
EndProject
Project("{8BC9CEB8-8B4A-11D0-8D11-00A0C91BC942}") = "HrApplication", "..\HrApplication\HrApplication.vcxproj", "{CB3F1BC5-B759-4871-A316-DC43990FEFE6}"
EndProject
Project("{8BC9CEB8-8B4A-11D0-8D11-00A0C91BC942}") = "HrMain", "..\HrMain\HrMain.vcxproj", "{384AEC92-6324-4505-BFFA-1118D67497C5}"
EndProject
Project("{8BC9CEB8-8B4A-11D0-8D11-00A0C91BC942}") = "HrRenderDemo", "..\HrRenderSystem\HrRenderDemo\HrRenderDemo.vcxproj", "{EF462F0C-C237-4DBB-BDDA-DA8A672428D3}"
EndProject
Project("{8BC9CEB8-8B4A-11D0-8D11-00A0C91BC942}") = "DirectXTK_Desktop_2013", "..\DirectXTK\DirectXTK_Desktop_2013.vcxproj", "{E0B52AE7-E160-4D32-BF3F-910B785E5A8E}"
EndProject
Project("{8BC9CEB8-8B4A-11D0-8D11-00A0C91BC942}") = "Effects11", "..\DirectXFX11\Effects11_2013.vcxproj", "{DF460EAB-570D-4B50-9089-2E2FC801BF38}"
EndProject
Global
	GlobalSection(SolutionConfigurationPlatforms) = preSolution
		Debug|Win32 = Debug|Win32
		Debug|x64 = Debug|x64
		Profile|Win32 = Profile|Win32
		Profile|x64 = Profile|x64
		Release|Win32 = Release|Win32
		Release|x64 = Release|x64
	EndGlobalSection
	GlobalSection(ProjectConfigurationPlatforms) = postSolution
		{D585B947-4946-4B91-82D6-0C7D06914554}.Debug|Win32.ActiveCfg = Debug|Win32
		{D585B947-4946-4B91-82D6-0C7D06914554}.Debug|Win32.Build.0 = Debug|Win32
		{D585B947-4946-4B91-82D6-0C7D06914554}.Debug|x64.ActiveCfg = Debug|x64
		{D585B947-4946-4B91-82D6-0C7D06914554}.Debug|x64.Build.0 = Debug|x64
		{D585B947-4946-4B91-82D6-0C7D06914554}.Profile|Win32.ActiveCfg = Release|Win32
		{D585B947-4946-4B91-82D6-0C7D06914554}.Profile|Win32.Build.0 = Release|Win32
		{D585B947-4946-4B91-82D6-0C7D06914554}.Profile|x64.ActiveCfg = Release|x64
		{D585B947-4946-4B91-82D6-0C7D06914554}.Profile|x64.Build.0 = Release|x64
		{D585B947-4946-4B91-82D6-0C7D06914554}.Release|Win32.ActiveCfg = Release|Win32
		{D585B947-4946-4B91-82D6-0C7D06914554}.Release|Win32.Build.0 = Release|Win32
		{D585B947-4946-4B91-82D6-0C7D06914554}.Release|x64.ActiveCfg = Release|x64
		{D585B947-4946-4B91-82D6-0C7D06914554}.Release|x64.Build.0 = Release|x64
		{489A0806-F326-48DB-83DC-1575C3025D14}.Debug|Win32.ActiveCfg = Debug|Win32
		{489A0806-F326-48DB-83DC-1575C3025D14}.Debug|Win32.Build.0 = Debug|Win32
		{489A0806-F326-48DB-83DC-1575C3025D14}.Debug|x64.ActiveCfg = Debug|x64
		{489A0806-F326-48DB-83DC-1575C3025D14}.Debug|x64.Build.0 = Debug|x64
		{489A0806-F326-48DB-83DC-1575C3025D14}.Profile|Win32.ActiveCfg = Release|Win32
		{489A0806-F326-48DB-83DC-1575C3025D14}.Profile|Win32.Build.0 = Release|Win32
		{489A0806-F326-48DB-83DC-1575C3025D14}.Profile|x64.ActiveCfg = Release|x64
		{489A0806-F326-48DB-83DC-1575C3025D14}.Profile|x64.Build.0 = Release|x64
		{489A0806-F326-48DB-83DC-1575C3025D14}.Release|Win32.ActiveCfg = Release|Win32
		{489A0806-F326-48DB-83DC-1575C3025D14}.Release|Win32.Build.0 = Release|Win32
		{489A0806-F326-48DB-83DC-1575C3025D14}.Release|x64.ActiveCfg = Release|x64
		{489A0806-F326-48DB-83DC-1575C3025D14}.Release|x64.Build.0 = Release|x64
		{19BE21AC-79C4-4DF0-8FBC-B39D3170D6E2}.Debug|Win32.ActiveCfg = Debug|Win32
		{19BE21AC-79C4-4DF0-8FBC-B39D3170D6E2}.Debug|Win32.Build.0 = Debug|Win32
		{19BE21AC-79C4-4DF0-8FBC-B39D3170D6E2}.Debug|x64.ActiveCfg = Debug|x64
		{19BE21AC-79C4-4DF0-8FBC-B39D3170D6E2}.Debug|x64.Build.0 = Debug|x64
		{19BE21AC-79C4-4DF0-8FBC-B39D3170D6E2}.Profile|Win32.ActiveCfg = Release|Win32
		{19BE21AC-79C4-4DF0-8FBC-B39D3170D6E2}.Profile|Win32.Build.0 = Release|Win32
		{19BE21AC-79C4-4DF0-8FBC-B39D3170D6E2}.Profile|x64.ActiveCfg = Release|x64
		{19BE21AC-79C4-4DF0-8FBC-B39D3170D6E2}.Profile|x64.Build.0 = Release|x64
		{19BE21AC-79C4-4DF0-8FBC-B39D3170D6E2}.Release|Win32.ActiveCfg = Release|Win32
		{19BE21AC-79C4-4DF0-8FBC-B39D3170D6E2}.Release|Win32.Build.0 = Release|Win32
		{19BE21AC-79C4-4DF0-8FBC-B39D3170D6E2}.Release|x64.ActiveCfg = Release|x64
		{19BE21AC-79C4-4DF0-8FBC-B39D3170D6E2}.Release|x64.Build.0 = Release|x64
		{59A4A68B-24AB-45AB-9A61-9D908C2077B2}.Debug|Win32.ActiveCfg = Debug|Win32
		{59A4A68B-24AB-45AB-9A61-9D908C2077B2}.Debug|Win32.Build.0 = Debug|Win32
		{59A4A68B-24AB-45AB-9A61-9D908C2077B2}.Debug|x64.ActiveCfg = Debug|x64
		{59A4A68B-24AB-45AB-9A61-9D908C2077B2}.Debug|x64.Build.0 = Debug|x64
		{59A4A68B-24AB-45AB-9A61-9D908C2077B2}.Profile|Win32.ActiveCfg = Release|Win32
		{59A4A68B-24AB-45AB-9A61-9D908C2077B2}.Profile|Win32.Build.0 = Release|Win32
		{59A4A68B-24AB-45AB-9A61-9D908C2077B2}.Profile|x64.ActiveCfg = Release|x64
		{59A4A68B-24AB-45AB-9A61-9D908C2077B2}.Profile|x64.Build.0 = Release|x64
		{59A4A68B-24AB-45AB-9A61-9D908C2077B2}.Release|Win32.ActiveCfg = Release|Win32
		{59A4A68B-24AB-45AB-9A61-9D908C2077B2}.Release|Win32.Build.0 = Release|Win32
		{59A4A68B-24AB-45AB-9A61-9D908C2077B2}.Release|x64.ActiveCfg = Release|x64
		{59A4A68B-24AB-45AB-9A61-9D908C2077B2}.Release|x64.Build.0 = Release|x64
		{2BF4B2C5-1454-4E5F-A432-1774D71A8F22}.Debug|Win32.ActiveCfg = Debug|Win32
		{2BF4B2C5-1454-4E5F-A432-1774D71A8F22}.Debug|Win32.Build.0 = Debug|Win32
		{2BF4B2C5-1454-4E5F-A432-1774D71A8F22}.Debug|x64.ActiveCfg = Debug|x64
		{2BF4B2C5-1454-4E5F-A432-1774D71A8F22}.Debug|x64.Build.0 = Debug|x64
		{2BF4B2C5-1454-4E5F-A432-1774D71A8F22}.Profile|Win32.ActiveCfg = Release|Win32
		{2BF4B2C5-1454-4E5F-A432-1774D71A8F22}.Profile|Win32.Build.0 = Release|Win32
		{2BF4B2C5-1454-4E5F-A432-1774D71A8F22}.Profile|x64.ActiveCfg = Release|x64
		{2BF4B2C5-1454-4E5F-A432-1774D71A8F22}.Profile|x64.Build.0 = Release|x64
		{2BF4B2C5-1454-4E5F-A432-1774D71A8F22}.Release|Win32.ActiveCfg = Release|Win32
		{2BF4B2C5-1454-4E5F-A432-1774D71A8F22}.Release|Win32.Build.0 = Release|Win32
		{2BF4B2C5-1454-4E5F-A432-1774D71A8F22}.Release|x64.ActiveCfg = Release|x64
		{2BF4B2C5-1454-4E5F-A432-1774D71A8F22}.Release|x64.Build.0 = Release|x64
		{CB3F1BC5-B759-4871-A316-DC43990FEFE6}.Debug|Win32.ActiveCfg = Debug|Win32
		{CB3F1BC5-B759-4871-A316-DC43990FEFE6}.Debug|Win32.Build.0 = Debug|Win32
		{CB3F1BC5-B759-4871-A316-DC43990FEFE6}.Debug|x64.ActiveCfg = Debug|x64
		{CB3F1BC5-B759-4871-A316-DC43990FEFE6}.Debug|x64.Build.0 = Debug|x64
		{CB3F1BC5-B759-4871-A316-DC43990FEFE6}.Profile|Win32.ActiveCfg = Release|Win32
		{CB3F1BC5-B759-4871-A316-DC43990FEFE6}.Profile|Win32.Build.0 = Release|Win32
		{CB3F1BC5-B759-4871-A316-DC43990FEFE6}.Profile|x64.ActiveCfg = Release|x64
		{CB3F1BC5-B759-4871-A316-DC43990FEFE6}.Profile|x64.Build.0 = Release|x64
		{CB3F1BC5-B759-4871-A316-DC43990FEFE6}.Release|Win32.ActiveCfg = Release|Win32
		{CB3F1BC5-B759-4871-A316-DC43990FEFE6}.Release|Win32.Build.0 = Release|Win32
		{CB3F1BC5-B759-4871-A316-DC43990FEFE6}.Release|x64.ActiveCfg = Release|x64
		{CB3F1BC5-B759-4871-A316-DC43990FEFE6}.Release|x64.Build.0 = Release|x64
		{384AEC92-6324-4505-BFFA-1118D67497C5}.Debug|Win32.ActiveCfg = Debug|Win32
		{384AEC92-6324-4505-BFFA-1118D67497C5}.Debug|Win32.Build.0 = Debug|Win32
		{384AEC92-6324-4505-BFFA-1118D67497C5}.Debug|x64.ActiveCfg = Debug|x64
		{384AEC92-6324-4505-BFFA-1118D67497C5}.Debug|x64.Build.0 = Debug|x64
		{384AEC92-6324-4505-BFFA-1118D67497C5}.Profile|Win32.ActiveCfg = Release|Win32
		{384AEC92-6324-4505-BFFA-1118D67497C5}.Profile|Win32.Build.0 = Release|Win32
		{384AEC92-6324-4505-BFFA-1118D67497C5}.Profile|x64.ActiveCfg = Release|x64
		{384AEC92-6324-4505-BFFA-1118D67497C5}.Profile|x64.Build.0 = Release|x64
		{384AEC92-6324-4505-BFFA-1118D67497C5}.Release|Win32.ActiveCfg = Release|Win32
		{384AEC92-6324-4505-BFFA-1118D67497C5}.Release|Win32.Build.0 = Release|Win32
		{384AEC92-6324-4505-BFFA-1118D67497C5}.Release|x64.ActiveCfg = Release|x64
		{384AEC92-6324-4505-BFFA-1118D67497C5}.Release|x64.Build.0 = Release|x64
		{EF462F0C-C237-4DBB-BDDA-DA8A672428D3}.Debug|Win32.ActiveCfg = Debug|Win32
		{EF462F0C-C237-4DBB-BDDA-DA8A672428D3}.Debug|Win32.Build.0 = Debug|Win32
		{EF462F0C-C237-4DBB-BDDA-DA8A672428D3}.Debug|x64.ActiveCfg = Debug|x64
		{EF462F0C-C237-4DBB-BDDA-DA8A672428D3}.Debug|x64.Build.0 = Debug|x64
		{EF462F0C-C237-4DBB-BDDA-DA8A672428D3}.Profile|Win32.ActiveCfg = Release|Win32
		{EF462F0C-C237-4DBB-BDDA-DA8A672428D3}.Profile|Win32.Build.0 = Release|Win32
		{EF462F0C-C237-4DBB-BDDA-DA8A672428D3}.Profile|x64.ActiveCfg = Release|x64
		{EF462F0C-C237-4DBB-BDDA-DA8A672428D3}.Profile|x64.Build.0 = Release|x64
		{EF462F0C-C237-4DBB-BDDA-DA8A672428D3}.Release|Win32.ActiveCfg = Release|Win32
		{EF462F0C-C237-4DBB-BDDA-DA8A672428D3}.Release|Win32.Build.0 = Release|Win32
		{EF462F0C-C237-4DBB-BDDA-DA8A672428D3}.Release|x64.ActiveCfg = Release|x64
		{EF462F0C-C237-4DBB-BDDA-DA8A672428D3}.Release|x64.Build.0 = Release|x64
		{E0B52AE7-E160-4D32-BF3F-910B785E5A8E}.Debug|Win32.ActiveCfg = Debug|Win32
		{E0B52AE7-E160-4D32-BF3F-910B785E5A8E}.Debug|Win32.Build.0 = Debug|Win32
		{E0B52AE7-E160-4D32-BF3F-910B785E5A8E}.Debug|x64.ActiveCfg = Debug|x64
		{E0B52AE7-E160-4D32-BF3F-910B785E5A8E}.Debug|x64.Build.0 = Debug|x64
		{E0B52AE7-E160-4D32-BF3F-910B785E5A8E}.Profile|Win32.ActiveCfg = Release|Win32
		{E0B52AE7-E160-4D32-BF3F-910B785E5A8E}.Profile|Win32.Build.0 = Release|Win32
		{E0B52AE7-E160-4D32-BF3F-910B785E5A8E}.Profile|x64.ActiveCfg = Release|x64
		{E0B52AE7-E160-4D32-BF3F-910B785E5A8E}.Profile|x64.Build.0 = Release|x64
		{E0B52AE7-E160-4D32-BF3F-910B785E5A8E}.Release|Win32.ActiveCfg = Release|Win32
		{E0B52AE7-E160-4D32-BF3F-910B785E5A8E}.Release|Win32.Build.0 = Release|Win32
		{E0B52AE7-E160-4D32-BF3F-910B785E5A8E}.Release|x64.ActiveCfg = Release|x64
		{E0B52AE7-E160-4D32-BF3F-910B785E5A8E}.Release|x64.Build.0 = Release|x64
		{DF460EAB-570D-4B50-9089-2E2FC801BF38}.Debug|Win32.ActiveCfg = Debug|Win32
		{DF460EAB-570D-4B50-9089-2E2FC801BF38}.Debug|Win32.Build.0 = Debug|Win32
		{DF460EAB-570D-4B50-9089-2E2FC801BF38}.Debug|x64.ActiveCfg = Debug|x64
		{DF460EAB-570D-4B50-9089-2E2FC801BF38}.Debug|x64.Build.0 = Debug|x64
		{DF460EAB-570D-4B50-9089-2E2FC801BF38}.Profile|Win32.ActiveCfg = Profile|Win32
		{DF460EAB-570D-4B50-9089-2E2FC801BF38}.Profile|Win32.Build.0 = Profile|Win32
		{DF460EAB-570D-4B50-9089-2E2FC801BF38}.Profile|x64.ActiveCfg = Profile|x64
		{DF460EAB-570D-4B50-9089-2E2FC801BF38}.Profile|x64.Build.0 = Profile|x64
		{DF460EAB-570D-4B50-9089-2E2FC801BF38}.Release|Win32.ActiveCfg = Release|Win32
		{DF460EAB-570D-4B50-9089-2E2FC801BF38}.Release|Win32.Build.0 = Release|Win32
		{DF460EAB-570D-4B50-9089-2E2FC801BF38}.Release|x64.ActiveCfg = Release|x64
		{DF460EAB-570D-4B50-9089-2E2FC801BF38}.Release|x64.Build.0 = Release|x64
	EndGlobalSection
	GlobalSection(SolutionProperties) = preSolution
		HideSolutionNode = FALSE
	EndGlobalSection
	GlobalSection(NestedProjects) = preSolution
		{489A0806-F326-48DB-83DC-1575C3025D14} = {BB6E7841-F83F-4D09-8F52-2E02A10F1CA2}
		{19BE21AC-79C4-4DF0-8FBC-B39D3170D6E2} = {BB6E7841-F83F-4D09-8F52-2E02A10F1CA2}
		{EF462F0C-C237-4DBB-BDDA-DA8A672428D3} = {BB6E7841-F83F-4D09-8F52-2E02A10F1CA2}
	EndGlobalSection
EndGlobal
