<?xml version="1.0" encoding="utf-8"?>
<Project ToolsVersion="4.0" xmlns="http://schemas.microsoft.com/developer/msbuild/2003">
  <ItemGroup>
    <Filter Include="Source Files">
      <UniqueIdentifier>{4FC737F1-C7A5-4376-A066-2A32D752A2FF}</UniqueIdentifier>
      <Extensions>cpp;c;cc;cxx;def;odl;idl;hpj;bat;asm;asmx</Extensions>
    </Filter>
    <Filter Include="Header Files">
      <UniqueIdentifier>{93995380-89BD-4b04-88EB-625FBE52EBFB}</UniqueIdentifier>
      <Extensions>h;hh;hpp;hxx;hm;inl;inc;xsd</Extensions>
    </Filter>
    <Filter Include="Resource Files">
      <UniqueIdentifier>{67DA6AB6-F800-4c08-8B7A-83BB121AAD01}</UniqueIdentifier>
      <Extensions>rc;ico;cur;bmp;dlg;rc2;rct;bin;rgs;gif;jpg;jpeg;jpe;resx;tiff;tif;png;wav;mfcribbon-ms</Extensions>
    </Filter>
    <Filter Include="HrDebugNew">
      <UniqueIdentifier>{f671accf-2e70-417e-a847-8bd5674c2573}</UniqueIdentifier>
    </Filter>
    <Filter Include="HrBase">
      <UniqueIdentifier>{710f8561-b7c4-4ee0-9f0a-0c53f8bb4e38}</UniqueIdentifier>
    </Filter>
    <Filter Include="Common">
      <UniqueIdentifier>{18df3828-e1c3-4e93-a5b7-64e11db1dcc6}</UniqueIdentifier>
    </Filter>
    <Filter Include="Tools">
      <UniqueIdentifier>{6889b5cb-a57e-4400-91df-66506ab8f673}</UniqueIdentifier>
    </Filter>
    <Filter Include="Loki">
      <UniqueIdentifier>{66e9f377-b015-4c2f-98be-a21642052504}</UniqueIdentifier>
    </Filter>
    <Filter Include="HrRes">
      <UniqueIdentifier>{941445b2-f311-4409-bbc8-9dae56bbda19}</UniqueIdentifier>
    </Filter>
  </ItemGroup>
  <ItemGroup>
    <ClCompile Include="Source\Main.cpp">
      <Filter>Source Files</Filter>
    </ClCompile>
    <ClCompile Include="source\stdafx.cpp">
      <Filter>Source Files</Filter>
    </ClCompile>
    <ClCompile Include="source\debug_new\DebugNew_impl.cpp">
      <Filter>HrDebugNew</Filter>
    </ClCompile>
    <ClCompile Include="source\debug_new\HrNew.cpp">
      <Filter>HrDebugNew</Filter>
    </ClCompile>
    <ClCompile Include="source\base\HrNode.cpp">
      <Filter>HrBase</Filter>
    </ClCompile>
    <ClCompile Include="source\base\HrObject.cpp">
      <Filter>HrBase</Filter>
    </ClCompile>
    <ClCompile Include="source\base\HrRef.cpp">
      <Filter>HrBase</Filter>
    </ClCompile>
    <ClCompile Include="source\base\HrAutoReleasePool.cpp">
      <Filter>HrBase</Filter>
    </ClCompile>
    <ClCompile Include="source\base\HrDirector.cpp">
      <Filter>HrBase</Filter>
    </ClCompile>
    <ClCompile Include="source\base\HrApplication.cpp">
      <Filter>HrBase</Filter>
    </ClCompile>
    <ClCompile Include="source\res\HrBaseRes.cpp">
      <Filter>HrRes</Filter>
    </ClCompile>
    <ClCompile Include="source\res\HrResManager.cpp">
      <Filter>HrRes</Filter>
    </ClCompile>
    <ClCompile Include="source\tools\HrProfile.cpp">
      <Filter>Tools</Filter>
    </ClCompile>
  </ItemGroup>
  <ItemGroup>
    <ClInclude Include="Include\HrWinTools.h">
      <Filter>Header Files</Filter>
    </ClInclude>
    <ClInclude Include="source\stdafx.h">
      <Filter>Header Files</Filter>
    </ClInclude>
    <ClInclude Include="source\targetver.h">
      <Filter>Header Files</Filter>
    </ClInclude>
    <ClInclude Include="source\debug_new\DebugNew.h">
      <Filter>HrDebugNew</Filter>
    </ClInclude>
    <ClInclude Include="source\debug_new\DebugNew_impl.h">
      <Filter>HrDebugNew</Filter>
    </ClInclude>
    <ClInclude Include="source\debug_new\HrNew.h">
      <Filter>HrDebugNew</Filter>
    </ClInclude>
    <ClInclude Include="source\base\HrNode.h">
      <Filter>HrBase</Filter>
    </ClInclude>
    <ClInclude Include="source\base\HrObject.h">
      <Filter>HrBase</Filter>
    </ClInclude>
    <ClInclude Include="source\base\HrRef.h">
      <Filter>HrBase</Filter>
    </ClInclude>
    <ClInclude Include="include\HrEngineMacros.h">
      <Filter>Header Files</Filter>
    </ClInclude>
    <ClInclude Include="include\HrEngineCom.h">
      <Filter>Header Files</Filter>
    </ClInclude>
    <ClInclude Include="..\Common\include\HrBaseType.h">
      <Filter>Common</Filter>
    </ClInclude>
    <ClInclude Include="..\Common\include\HrConsole.h">
      <Filter>Common</Filter>
    </ClInclude>
    <ClInclude Include="..\Common\include\HrMacros.h">
      <Filter>Common</Filter>
    </ClInclude>
    <ClInclude Include="..\Common\include\HrMutexLock.h">
      <Filter>Common</Filter>
    </ClInclude>
    <ClInclude Include="..\Common\include\HrSingleton.h">
      <Filter>Common</Filter>
    </ClInclude>
    <ClInclude Include="source\base\HrAutoReleasePool.h">
      <Filter>HrBase</Filter>
    </ClInclude>
    <ClInclude Include="source\base\HrDirector.h">
      <Filter>HrBase</Filter>
    </ClInclude>
    <ClInclude Include="source\base\HrApplication.h">
      <Filter>HrBase</Filter>
    </ClInclude>
    <ClInclude Include="source\loki\Typelist.h">
      <Filter>Loki</Filter>
    </ClInclude>
    <ClInclude Include="source\loki\TypelistMacros.h">
      <Filter>Loki</Filter>
    </ClInclude>
    <ClInclude Include="source\loki\NullType.h">
      <Filter>Loki</Filter>
    </ClInclude>
    <ClInclude Include="source\loki\TypeManip.h">
      <Filter>Loki</Filter>
    </ClInclude>
    <ClInclude Include="source\res\HrBaseRes.h">
      <Filter>HrRes</Filter>
    </ClInclude>
    <ClInclude Include="source\res\HrResManager.h">
      <Filter>HrRes</Filter>
    </ClInclude>
    <ClInclude Include="source\tools\HrProfile.h">
      <Filter>Tools</Filter>
    </ClInclude>
    <ClInclude Include="include\HrInterLocked.h">
      <Filter>Header Files</Filter>
    </ClInclude>
  </ItemGroup>
</Project>