<?xml version="1.0" encoding="utf-8"?>
<Project ToolsVersion="4.0" xmlns="http://schemas.microsoft.com/developer/msbuild/2003">
  <ItemGroup>
    <Filter Include="Source Files">
      <UniqueIdentifier>{4FC737F1-C7A5-4376-A066-2A32D752A2FF}</UniqueIdentifier>
      <Extensions>cpp;c;cc;cxx;def;odl;idl;hpj;bat;asm;asmx</Extensions>
    </Filter>
    <Filter Include="Resource Files">
      <UniqueIdentifier>{67DA6AB6-F800-4c08-8B7A-83BB121AAD01}</UniqueIdentifier>
      <Extensions>rc;ico;cur;bmp;dlg;rc2;rct;bin;rgs;gif;jpg;jpeg;jpe;resx;tiff;tif;png;wav;mfcribbon-ms</Extensions>
    </Filter>
    <Filter Include="HrDebugNew">
      <UniqueIdentifier>{f671accf-2e70-417e-a847-8bd5674c2573}</UniqueIdentifier>
    </Filter>
    <Filter Include="HrRes">
      <UniqueIdentifier>{941445b2-f311-4409-bbc8-9dae56bbda19}</UniqueIdentifier>
    </Filter>
    <Filter Include="HrLoki">
      <UniqueIdentifier>{66e9f377-b015-4c2f-98be-a21642052504}</UniqueIdentifier>
    </Filter>
    <Filter Include="HrCommon">
      <UniqueIdentifier>{18df3828-e1c3-4e93-a5b7-64e11db1dcc6}</UniqueIdentifier>
    </Filter>
    <Filter Include="HrTools">
      <UniqueIdentifier>{6889b5cb-a57e-4400-91df-66506ab8f673}</UniqueIdentifier>
    </Filter>
    <Filter Include="HrCore">
      <UniqueIdentifier>{710f8561-b7c4-4ee0-9f0a-0c53f8bb4e38}</UniqueIdentifier>
    </Filter>
    <Filter Include="HrBasic">
      <UniqueIdentifier>{b2fabde6-ad0d-4376-8c3c-ff7aef0cd9ba}</UniqueIdentifier>
    </Filter>
  </ItemGroup>
  <ItemGroup>
    <ClCompile Include="HrWin32\Main.cpp">
      <Filter>Source Files</Filter>
    </ClCompile>
    <ClCompile Include="HrEngine\HrCore\HrAutoReleasePool.cpp">
      <Filter>HrCore</Filter>
    </ClCompile>
    <ClCompile Include="HrEngine\HrCore\HrDirector.cpp">
      <Filter>HrCore</Filter>
    </ClCompile>
    <ClCompile Include="HrEngine\HrCore\HrNode.cpp">
      <Filter>HrCore</Filter>
    </ClCompile>
    <ClCompile Include="HrEngine\HrCore\HrObject.cpp">
      <Filter>HrCore</Filter>
    </ClCompile>
    <ClCompile Include="HrEngine\HrCore\HrRef.cpp">
      <Filter>HrCore</Filter>
    </ClCompile>
    <ClCompile Include="HrEngine\HrBasic\HrBasicRes.cpp">
      <Filter>HrBasic</Filter>
    </ClCompile>
    <ClCompile Include="HrEngine\HrBasic\HrResManager.cpp">
      <Filter>HrBasic</Filter>
    </ClCompile>
  </ItemGroup>
  <ItemGroup>
    <ClInclude Include="HrWin32\HrWinTools.h">
      <Filter>Source Files</Filter>
    </ClInclude>
    <ClInclude Include="HrEngine\HrCore\HrAutoReleasePool.h">
      <Filter>HrCore</Filter>
    </ClInclude>
    <ClInclude Include="HrEngine\HrCore\HrDirector.h">
      <Filter>HrCore</Filter>
    </ClInclude>
    <ClInclude Include="HrEngine\HrCore\HrNode.h">
      <Filter>HrCore</Filter>
    </ClInclude>
    <ClInclude Include="HrEngine\HrCore\HrObject.h">
      <Filter>HrCore</Filter>
    </ClInclude>
    <ClInclude Include="HrEngine\HrCore\HrRef.h">
      <Filter>HrCore</Filter>
    </ClInclude>
    <ClInclude Include="HrEngine\HrBasic\HrBasicRes.h">
      <Filter>HrBasic</Filter>
    </ClInclude>
    <ClInclude Include="HrEngine\HrBasic\HrEngineMacros.h">
      <Filter>HrBasic</Filter>
    </ClInclude>
    <ClInclude Include="HrEngine\HrBasic\HrInterLocked.h">
      <Filter>HrBasic</Filter>
    </ClInclude>
    <ClInclude Include="HrEngine\HrBasic\HrResManager.h">
      <Filter>HrBasic</Filter>
    </ClInclude>
    <ClInclude Include="HrEngine\HrEngineCommon.h">
      <Filter>Source Files</Filter>
    </ClInclude>
  </ItemGroup>
</Project>