<?xml version="1.0" encoding="utf-8"?>
<Project ToolsVersion="4.0" xmlns="http://schemas.microsoft.com/developer/msbuild/2003">
  <ItemGroup>
    <Filter Include="Resource Files">
      <UniqueIdentifier>{67DA6AB6-F800-4c08-8B7A-83BB121AAD01}</UniqueIdentifier>
      <Extensions>rc;ico;cur;bmp;dlg;rc2;rct;bin;rgs;gif;jpg;jpeg;jpe;resx;tiff;tif;png;wav;mfcribbon-ms</Extensions>
    </Filter>
    <Filter Include="Include">
      <UniqueIdentifier>{7d752cf7-4438-4c16-9a3d-d30dd5419842}</UniqueIdentifier>
    </Filter>
    <Filter Include="Source">
      <UniqueIdentifier>{e92be0a0-a1f1-4de9-ba0a-0052c1f4bb78}</UniqueIdentifier>
    </Filter>
  </ItemGroup>
  <ItemGroup>
    <ClInclude Include="Include\HrModuleLoader.h">
      <Filter>Include</Filter>
    </ClInclude>
    <ClInclude Include="Include\HrUtil.h">
      <Filter>Include</Filter>
    </ClInclude>
    <ClInclude Include="Include\HrStringUtil.h">
      <Filter>Include</Filter>
    </ClInclude>
    <ClInclude Include="Include\HrTinyFormat.h">
      <Filter>Include</Filter>
    </ClInclude>
  </ItemGroup>
  <ItemGroup>
    <ClCompile Include="Source\HrModuleLoader.cpp">
      <Filter>Source</Filter>
    </ClCompile>
    <ClCompile Include="Source\HrUtil.cpp">
      <Filter>Source</Filter>
    </ClCompile>
  </ItemGroup>
</Project>