<?xml version="1.0" encoding="utf-8"?>
<Project ToolsVersion="4.0" xmlns="http://schemas.microsoft.com/developer/msbuild/2003">
  <ItemGroup>
    <Filter Include="Resource Files">
      <UniqueIdentifier>{67DA6AB6-F800-4c08-8B7A-83BB121AAD01}</UniqueIdentifier>
      <Extensions>rc;ico;cur;bmp;dlg;rc2;rct;bin;rgs;gif;jpg;jpeg;jpe;resx;tiff;tif;png;wav;mfcribbon-ms</Extensions>
    </Filter>
    <Filter Include="Include">
      <UniqueIdentifier>{e698a71d-caac-461b-88cf-b54356e27794}</UniqueIdentifier>
    </Filter>
    <Filter Include="Source">
      <UniqueIdentifier>{ff2ad37b-538f-466b-82d4-91e6e99338ec}</UniqueIdentifier>
    </Filter>
  </ItemGroup>
  <ItemGroup>
    <ClInclude Include="Include\HrMath.h">
      <Filter>Include</Filter>
    </ClInclude>
    <ClInclude Include="Include\HrMathPreDeclare.h">
      <Filter>Include</Filter>
    </ClInclude>
    <ClInclude Include="Include\HrMatrix4.h">
      <Filter>Include</Filter>
    </ClInclude>
    <ClInclude Include="Include\HrVector3.h">
      <Filter>Include</Filter>
    </ClInclude>
    <ClInclude Include="Include\Matrix_T.h">
      <Filter>Include</Filter>
    </ClInclude>
    <ClInclude Include="Include\Plane_T.h">
      <Filter>Include</Filter>
    </ClInclude>
    <ClInclude Include="Include\Vector_T.h">
      <Filter>Include</Filter>
    </ClInclude>
    <ClInclude Include="Include\HrMathPrerequisites.h">
      <Filter>Include</Filter>
    </ClInclude>
    <ClInclude Include="Include\HrMathConfig.h">
      <Filter>Include</Filter>
    </ClInclude>
    <ClInclude Include="Include\MathTemplateHelper_T.h">
      <Filter>Include</Filter>
    </ClInclude>
    <ClInclude Include="Include\HrMathCalculate.h">
      <Filter>Include</Filter>
    </ClInclude>
    <ClInclude Include="Include\HrMathCom.h">
      <Filter>Include</Filter>
    </ClInclude>
  </ItemGroup>
</Project>